// !$*UTF8*$!
{
	archiveVersion = 1;
	classes = {
	};
	objectVersion = 56;
	objects = {

/* Begin PBXBuildFile section */
		0BCA00672A7041A100C86DAD /* Clothe.storyboard in Resources */ = {isa = PBXBuildFile; fileRef = 0BCA00662A7041A100C86DAD /* Clothe.storyboard */; };
		0BCA00692A70439800C86DAD /* ClotheViewController.swift in Sources */ = {isa = PBXBuildFile; fileRef = 0BCA00682A70439800C86DAD /* ClotheViewController.swift */; };
		0BCA006E2A71B11500C86DAD /* UIImage+RemoveBackground.swift in Sources */ = {isa = PBXBuildFile; fileRef = 0BCA006D2A71B11500C86DAD /* UIImage+RemoveBackground.swift */; };
		0BCA00702A71B1D500C86DAD /* CIImage+Extensions.swift in Sources */ = {isa = PBXBuildFile; fileRef = 0BCA006F2A71B1D500C86DAD /* CIImage+Extensions.swift */; };
		0BCA00732A71B28200C86DAD /* UIImage+Extensions.swift in Sources */ = {isa = PBXBuildFile; fileRef = 0BCA00722A71B28200C86DAD /* UIImage+Extensions.swift */; };
		0BCA00752A71B2B000C86DAD /* UIImage+CVPixelBuffer.swift in Sources */ = {isa = PBXBuildFile; fileRef = 0BCA00742A71B2B000C86DAD /* UIImage+CVPixelBuffer.swift */; };
		0BCA00772A71B2D100C86DAD /* MLMultiArray+Image.swift in Sources */ = {isa = PBXBuildFile; fileRef = 0BCA00762A71B2D100C86DAD /* MLMultiArray+Image.swift */; };
		0BCA00792A71B2FE00C86DAD /* CVPixelBuffer+Create.swift in Sources */ = {isa = PBXBuildFile; fileRef = 0BCA00782A71B2FE00C86DAD /* CVPixelBuffer+Create.swift */; };
		0BCA007B2A71B36700C86DAD /* CGImage+CVPixelBuffer.swift in Sources */ = {isa = PBXBuildFile; fileRef = 0BCA007A2A71B36700C86DAD /* CGImage+CVPixelBuffer.swift */; };
		0BCA007D2A71B37F00C86DAD /* CGImage+RawBytes.swift in Sources */ = {isa = PBXBuildFile; fileRef = 0BCA007C2A71B37F00C86DAD /* CGImage+RawBytes.swift */; };
		0BCA007F2A71B39B00C86DAD /* Math.swift in Sources */ = {isa = PBXBuildFile; fileRef = 0BCA007E2A71B39B00C86DAD /* Math.swift */; };
		0BCA00812A72EC4100C86DAD /* RemoveBackgroundModel.mlmodel in Sources */ = {isa = PBXBuildFile; fileRef = 0BCA00802A72EC4100C86DAD /* RemoveBackgroundModel.mlmodel */; };
		A762EF092A784B7A007D64E5 /* CanvaService.swift in Sources */ = {isa = PBXBuildFile; fileRef = A762EF082A784B7A007D64E5 /* CanvaService.swift */; };
		A762EF0C2A784BE0007D64E5 /* CoreDataService.swift in Sources */ = {isa = PBXBuildFile; fileRef = A762EF0B2A784BE0007D64E5 /* CoreDataService.swift */; };
		A762EF0E2A78616A007D64E5 /* UIView+Extensions.swift in Sources */ = {isa = PBXBuildFile; fileRef = A762EF0D2A78616A007D64E5 /* UIView+Extensions.swift */; };
		A76EB91C2A6EFA8B00F8E854 /* AppDelegate.swift in Sources */ = {isa = PBXBuildFile; fileRef = A76EB91B2A6EFA8B00F8E854 /* AppDelegate.swift */; };
		A76EB91E2A6EFA8B00F8E854 /* SceneDelegate.swift in Sources */ = {isa = PBXBuildFile; fileRef = A76EB91D2A6EFA8B00F8E854 /* SceneDelegate.swift */; };
		A76EB9202A6EFA8B00F8E854 /* ViewController.swift in Sources */ = {isa = PBXBuildFile; fileRef = A76EB91F2A6EFA8B00F8E854 /* ViewController.swift */; };
		A76EB9232A6EFA8B00F8E854 /* Main.storyboard in Resources */ = {isa = PBXBuildFile; fileRef = A76EB9212A6EFA8B00F8E854 /* Main.storyboard */; };
		A76EB9262A6EFA8B00F8E854 /* Cabide.xcdatamodeld in Sources */ = {isa = PBXBuildFile; fileRef = A76EB9242A6EFA8B00F8E854 /* Cabide.xcdatamodeld */; };
		A76EB9282A6EFA8C00F8E854 /* Assets.xcassets in Resources */ = {isa = PBXBuildFile; fileRef = A76EB9272A6EFA8C00F8E854 /* Assets.xcassets */; };
		A76EB92B2A6EFA8C00F8E854 /* LaunchScreen.storyboard in Resources */ = {isa = PBXBuildFile; fileRef = A76EB9292A6EFA8C00F8E854 /* LaunchScreen.storyboard */; };
		A76EB9392A6F05FD00F8E854 /* EditableCanva.storyboard in Resources */ = {isa = PBXBuildFile; fileRef = A76EB9382A6F05FD00F8E854 /* EditableCanva.storyboard */; };
		A76EB93C2A6F061E00F8E854 /* EditableCanvaViewController.swift in Sources */ = {isa = PBXBuildFile; fileRef = A76EB93B2A6F061E00F8E854 /* EditableCanvaViewController.swift */; };
		A7773AF42A782F58009096BE /* SaveCanvaViewController.swift in Sources */ = {isa = PBXBuildFile; fileRef = A7773AF32A782F58009096BE /* SaveCanvaViewController.swift */; };
		A7773AF62A7833AC009096BE /* ListCanva.storyboard in Resources */ = {isa = PBXBuildFile; fileRef = A7773AF52A7833AC009096BE /* ListCanva.storyboard */; };
		A7773AF82A7833BC009096BE /* ListCanvaViewController.swift in Sources */ = {isa = PBXBuildFile; fileRef = A7773AF72A7833BC009096BE /* ListCanvaViewController.swift */; };
		A7773AFB2A783400009096BE /* ListCanvaViewModel.swift in Sources */ = {isa = PBXBuildFile; fileRef = A7773AFA2A783400009096BE /* ListCanvaViewModel.swift */; };
		A7773AFD2A783C6B009096BE /* OpenedCanva.storyboard in Resources */ = {isa = PBXBuildFile; fileRef = A7773AFC2A783C6B009096BE /* OpenedCanva.storyboard */; };
		A7773AFF2A783C81009096BE /* OpenedCanvaViewController.swift in Sources */ = {isa = PBXBuildFile; fileRef = A7773AFE2A783C81009096BE /* OpenedCanvaViewController.swift */; };
		A7773B012A783DA8009096BE /* OpenedCanvaViewModel.swift in Sources */ = {isa = PBXBuildFile; fileRef = A7773B002A783DA8009096BE /* OpenedCanvaViewModel.swift */; };
		A7B935B32A744EB800F9F40B /* SaveCanva.storyboard in Resources */ = {isa = PBXBuildFile; fileRef = A7B935B22A744EB800F9F40B /* SaveCanva.storyboard */; };
		A7E6FABD2A71A5EA00D174BB /* EditableCanvaViewModel.swift in Sources */ = {isa = PBXBuildFile; fileRef = A7E6FABC2A71A5EA00D174BB /* EditableCanvaViewModel.swift */; };
		DC2FBBCF2A704254009A447E /* ClotheViewModel.swift in Sources */ = {isa = PBXBuildFile; fileRef = DC2FBBCE2A704254009A447E /* ClotheViewModel.swift */; };
		DC2FBBD12A7042BC009A447E /* DataController.swift in Sources */ = {isa = PBXBuildFile; fileRef = DC2FBBD02A7042BC009A447E /* DataController.swift */; };
		DC2FBBD72A704F7C009A447E /* TagViewModel.swift in Sources */ = {isa = PBXBuildFile; fileRef = DC2FBBD62A704F7C009A447E /* TagViewModel.swift */; };
		DCD4E1572A7826FD0017D4BC /* ClotheService.swift in Sources */ = {isa = PBXBuildFile; fileRef = DCD4E1562A7826FD0017D4BC /* ClotheService.swift */; };
		DCD4E15A2A782E790017D4BC /* ListViewModel.swift in Sources */ = {isa = PBXBuildFile; fileRef = DCD4E1592A782E790017D4BC /* ListViewModel.swift */; };
		DCD4E15C2A782E8A0017D4BC /* ClotheDetailsViewModel.swift in Sources */ = {isa = PBXBuildFile; fileRef = DCD4E15B2A782E8A0017D4BC /* ClotheDetailsViewModel.swift */; };
		DCF91E0F2A74428B002E8277 /* ListViewController.swift in Sources */ = {isa = PBXBuildFile; fileRef = DCF91E0E2A74428B002E8277 /* ListViewController.swift */; };
		DCF91E112A7442A2002E8277 /* ClotheDetailsViewController.swift in Sources */ = {isa = PBXBuildFile; fileRef = DCF91E102A7442A2002E8277 /* ClotheDetailsViewController.swift */; };
		DCF91E152A7443CB002E8277 /* List.storyboard in Resources */ = {isa = PBXBuildFile; fileRef = DCF91E142A7443CB002E8277 /* List.storyboard */; };
		DCF91E172A7443DF002E8277 /* ClotheDetails.storyboard in Resources */ = {isa = PBXBuildFile; fileRef = DCF91E162A7443DF002E8277 /* ClotheDetails.storyboard */; };
		DCF91E192A744851002E8277 /* ClotheDetailsCell.swift in Sources */ = {isa = PBXBuildFile; fileRef = DCF91E182A744851002E8277 /* ClotheDetailsCell.swift */; };
/* End PBXBuildFile section */

/* Begin PBXFileReference section */
		0BCA00662A7041A100C86DAD /* Clothe.storyboard */ = {isa = PBXFileReference; lastKnownFileType = file.storyboard; path = Clothe.storyboard; sourceTree = "<group>"; };
		0BCA00682A70439800C86DAD /* ClotheViewController.swift */ = {isa = PBXFileReference; lastKnownFileType = sourcecode.swift; path = ClotheViewController.swift; sourceTree = "<group>"; };
		0BCA006D2A71B11500C86DAD /* UIImage+RemoveBackground.swift */ = {isa = PBXFileReference; lastKnownFileType = sourcecode.swift; path = "UIImage+RemoveBackground.swift"; sourceTree = "<group>"; };
		0BCA006F2A71B1D500C86DAD /* CIImage+Extensions.swift */ = {isa = PBXFileReference; lastKnownFileType = sourcecode.swift; path = "CIImage+Extensions.swift"; sourceTree = "<group>"; };
		0BCA00722A71B28200C86DAD /* UIImage+Extensions.swift */ = {isa = PBXFileReference; lastKnownFileType = sourcecode.swift; path = "UIImage+Extensions.swift"; sourceTree = "<group>"; };
		0BCA00742A71B2B000C86DAD /* UIImage+CVPixelBuffer.swift */ = {isa = PBXFileReference; lastKnownFileType = sourcecode.swift; path = "UIImage+CVPixelBuffer.swift"; sourceTree = "<group>"; };
		0BCA00762A71B2D100C86DAD /* MLMultiArray+Image.swift */ = {isa = PBXFileReference; lastKnownFileType = sourcecode.swift; path = "MLMultiArray+Image.swift"; sourceTree = "<group>"; };
		0BCA00782A71B2FE00C86DAD /* CVPixelBuffer+Create.swift */ = {isa = PBXFileReference; lastKnownFileType = sourcecode.swift; path = "CVPixelBuffer+Create.swift"; sourceTree = "<group>"; };
		0BCA007A2A71B36700C86DAD /* CGImage+CVPixelBuffer.swift */ = {isa = PBXFileReference; lastKnownFileType = sourcecode.swift; path = "CGImage+CVPixelBuffer.swift"; sourceTree = "<group>"; };
		0BCA007C2A71B37F00C86DAD /* CGImage+RawBytes.swift */ = {isa = PBXFileReference; lastKnownFileType = sourcecode.swift; path = "CGImage+RawBytes.swift"; sourceTree = "<group>"; };
		0BCA007E2A71B39B00C86DAD /* Math.swift */ = {isa = PBXFileReference; lastKnownFileType = sourcecode.swift; path = Math.swift; sourceTree = "<group>"; };
		0BCA00802A72EC4100C86DAD /* RemoveBackgroundModel.mlmodel */ = {isa = PBXFileReference; lastKnownFileType = file.mlmodel; path = RemoveBackgroundModel.mlmodel; sourceTree = "<group>"; };
		A762EF082A784B7A007D64E5 /* CanvaService.swift */ = {isa = PBXFileReference; lastKnownFileType = sourcecode.swift; path = CanvaService.swift; sourceTree = "<group>"; };
		A762EF0B2A784BE0007D64E5 /* CoreDataService.swift */ = {isa = PBXFileReference; lastKnownFileType = sourcecode.swift; path = CoreDataService.swift; sourceTree = "<group>"; };
		A762EF0D2A78616A007D64E5 /* UIView+Extensions.swift */ = {isa = PBXFileReference; lastKnownFileType = sourcecode.swift; path = "UIView+Extensions.swift"; sourceTree = "<group>"; };
		A76EB9182A6EFA8B00F8E854 /* Cabide.app */ = {isa = PBXFileReference; explicitFileType = wrapper.application; includeInIndex = 0; path = Cabide.app; sourceTree = BUILT_PRODUCTS_DIR; };
		A76EB91B2A6EFA8B00F8E854 /* AppDelegate.swift */ = {isa = PBXFileReference; lastKnownFileType = sourcecode.swift; path = AppDelegate.swift; sourceTree = "<group>"; };
		A76EB91D2A6EFA8B00F8E854 /* SceneDelegate.swift */ = {isa = PBXFileReference; lastKnownFileType = sourcecode.swift; path = SceneDelegate.swift; sourceTree = "<group>"; };
		A76EB91F2A6EFA8B00F8E854 /* ViewController.swift */ = {isa = PBXFileReference; lastKnownFileType = sourcecode.swift; path = ViewController.swift; sourceTree = "<group>"; };
		A76EB9222A6EFA8B00F8E854 /* Base */ = {isa = PBXFileReference; lastKnownFileType = file.storyboard; name = Base; path = Base.lproj/Main.storyboard; sourceTree = "<group>"; };
		A76EB9252A6EFA8B00F8E854 /* Cabide.xcdatamodel */ = {isa = PBXFileReference; lastKnownFileType = wrapper.xcdatamodel; path = Cabide.xcdatamodel; sourceTree = "<group>"; };
		A76EB9272A6EFA8C00F8E854 /* Assets.xcassets */ = {isa = PBXFileReference; lastKnownFileType = folder.assetcatalog; path = Assets.xcassets; sourceTree = "<group>"; };
		A76EB92A2A6EFA8C00F8E854 /* Base */ = {isa = PBXFileReference; lastKnownFileType = file.storyboard; name = Base; path = Base.lproj/LaunchScreen.storyboard; sourceTree = "<group>"; };
		A76EB92C2A6EFA8C00F8E854 /* Info.plist */ = {isa = PBXFileReference; lastKnownFileType = text.plist.xml; path = Info.plist; sourceTree = "<group>"; };
		A76EB9382A6F05FD00F8E854 /* EditableCanva.storyboard */ = {isa = PBXFileReference; lastKnownFileType = file.storyboard; path = EditableCanva.storyboard; sourceTree = "<group>"; };
		A76EB93B2A6F061E00F8E854 /* EditableCanvaViewController.swift */ = {isa = PBXFileReference; lastKnownFileType = sourcecode.swift; path = EditableCanvaViewController.swift; sourceTree = "<group>"; };
		A7773AF32A782F58009096BE /* SaveCanvaViewController.swift */ = {isa = PBXFileReference; lastKnownFileType = sourcecode.swift; path = SaveCanvaViewController.swift; sourceTree = "<group>"; };
		A7773AF52A7833AC009096BE /* ListCanva.storyboard */ = {isa = PBXFileReference; lastKnownFileType = file.storyboard; path = ListCanva.storyboard; sourceTree = "<group>"; };
		A7773AF72A7833BC009096BE /* ListCanvaViewController.swift */ = {isa = PBXFileReference; lastKnownFileType = sourcecode.swift; path = ListCanvaViewController.swift; sourceTree = "<group>"; };
		A7773AFA2A783400009096BE /* ListCanvaViewModel.swift */ = {isa = PBXFileReference; lastKnownFileType = sourcecode.swift; path = ListCanvaViewModel.swift; sourceTree = "<group>"; };
		A7773AFC2A783C6B009096BE /* OpenedCanva.storyboard */ = {isa = PBXFileReference; lastKnownFileType = file.storyboard; path = OpenedCanva.storyboard; sourceTree = "<group>"; };
		A7773AFE2A783C81009096BE /* OpenedCanvaViewController.swift */ = {isa = PBXFileReference; lastKnownFileType = sourcecode.swift; path = OpenedCanvaViewController.swift; sourceTree = "<group>"; };
		A7773B002A783DA8009096BE /* OpenedCanvaViewModel.swift */ = {isa = PBXFileReference; lastKnownFileType = sourcecode.swift; path = OpenedCanvaViewModel.swift; sourceTree = "<group>"; };
		A7B935B22A744EB800F9F40B /* SaveCanva.storyboard */ = {isa = PBXFileReference; lastKnownFileType = file.storyboard; path = SaveCanva.storyboard; sourceTree = "<group>"; };
		A7E6FABC2A71A5EA00D174BB /* EditableCanvaViewModel.swift */ = {isa = PBXFileReference; lastKnownFileType = sourcecode.swift; path = EditableCanvaViewModel.swift; sourceTree = "<group>"; };
		DC2FBBCE2A704254009A447E /* ClotheViewModel.swift */ = {isa = PBXFileReference; lastKnownFileType = sourcecode.swift; path = ClotheViewModel.swift; sourceTree = "<group>"; };
		DC2FBBD02A7042BC009A447E /* DataController.swift */ = {isa = PBXFileReference; lastKnownFileType = sourcecode.swift; path = DataController.swift; sourceTree = "<group>"; };
		DC2FBBD62A704F7C009A447E /* TagViewModel.swift */ = {isa = PBXFileReference; lastKnownFileType = sourcecode.swift; path = TagViewModel.swift; sourceTree = "<group>"; };
		DCD4E1562A7826FD0017D4BC /* ClotheService.swift */ = {isa = PBXFileReference; lastKnownFileType = sourcecode.swift; path = ClotheService.swift; sourceTree = "<group>"; };
		DCD4E1592A782E790017D4BC /* ListViewModel.swift */ = {isa = PBXFileReference; lastKnownFileType = sourcecode.swift; path = ListViewModel.swift; sourceTree = "<group>"; };
		DCD4E15B2A782E8A0017D4BC /* ClotheDetailsViewModel.swift */ = {isa = PBXFileReference; lastKnownFileType = sourcecode.swift; path = ClotheDetailsViewModel.swift; sourceTree = "<group>"; };
		DCF91E0E2A74428B002E8277 /* ListViewController.swift */ = {isa = PBXFileReference; lastKnownFileType = sourcecode.swift; path = ListViewController.swift; sourceTree = "<group>"; };
		DCF91E102A7442A2002E8277 /* ClotheDetailsViewController.swift */ = {isa = PBXFileReference; lastKnownFileType = sourcecode.swift; path = ClotheDetailsViewController.swift; sourceTree = "<group>"; };
		DCF91E142A7443CB002E8277 /* List.storyboard */ = {isa = PBXFileReference; lastKnownFileType = file.storyboard; path = List.storyboard; sourceTree = "<group>"; };
		DCF91E162A7443DF002E8277 /* ClotheDetails.storyboard */ = {isa = PBXFileReference; lastKnownFileType = file.storyboard; path = ClotheDetails.storyboard; sourceTree = "<group>"; };
		DCF91E182A744851002E8277 /* ClotheDetailsCell.swift */ = {isa = PBXFileReference; lastKnownFileType = sourcecode.swift; name = ClotheDetailsCell.swift; path = Cabide/Storyboards/ClothesManagement/ClotheDetailsCell.swift; sourceTree = SOURCE_ROOT; };
/* End PBXFileReference section */

/* Begin PBXFrameworksBuildPhase section */
		A76EB9152A6EFA8B00F8E854 /* Frameworks */ = {
			isa = PBXFrameworksBuildPhase;
			buildActionMask = 2147483647;
			files = (
			);
			runOnlyForDeploymentPostprocessing = 0;
		};
/* End PBXFrameworksBuildPhase section */

/* Begin PBXGroup section */
		0BCA006C2A71B0CE00C86DAD /* Extensions */ = {
			isa = PBXGroup;
			children = (
				0BCA006D2A71B11500C86DAD /* UIImage+RemoveBackground.swift */,
				0BCA006F2A71B1D500C86DAD /* CIImage+Extensions.swift */,
				A762EF0D2A78616A007D64E5 /* UIView+Extensions.swift */,
			);
			path = Extensions;
			sourceTree = "<group>";
		};
		0BCA00712A71B25A00C86DAD /* CoreMlLHelpers */ = {
			isa = PBXGroup;
			children = (
				0BCA00722A71B28200C86DAD /* UIImage+Extensions.swift */,
				0BCA00742A71B2B000C86DAD /* UIImage+CVPixelBuffer.swift */,
				0BCA00762A71B2D100C86DAD /* MLMultiArray+Image.swift */,
				0BCA00782A71B2FE00C86DAD /* CVPixelBuffer+Create.swift */,
				0BCA007A2A71B36700C86DAD /* CGImage+CVPixelBuffer.swift */,
				0BCA007C2A71B37F00C86DAD /* CGImage+RawBytes.swift */,
				0BCA007E2A71B39B00C86DAD /* Math.swift */,
			);
			path = CoreMlLHelpers;
			sourceTree = "<group>";
		};
		A762EF0A2A784BC3007D64E5 /* Protocols */ = {
			isa = PBXGroup;
			children = (
				A762EF0B2A784BE0007D64E5 /* CoreDataService.swift */,
			);
			path = Protocols;
			sourceTree = "<group>";
		};
		A76EB90F2A6EFA8B00F8E854 = {
			isa = PBXGroup;
			children = (
				A76EB91A2A6EFA8B00F8E854 /* Cabide */,
				A76EB9192A6EFA8B00F8E854 /* Products */,
			);
			sourceTree = "<group>";
		};
		A76EB9192A6EFA8B00F8E854 /* Products */ = {
			isa = PBXGroup;
			children = (
				A76EB9182A6EFA8B00F8E854 /* Cabide.app */,
			);
			name = Products;
			sourceTree = "<group>";
		};
		A76EB91A2A6EFA8B00F8E854 /* Cabide */ = {
			isa = PBXGroup;
			children = (
				A762EF0A2A784BC3007D64E5 /* Protocols */,
				DCD4E1552A7826DF0017D4BC /* Services */,
				0BCA00712A71B25A00C86DAD /* CoreMlLHelpers */,
				0BCA006C2A71B0CE00C86DAD /* Extensions */,
				A76EB9362A6F058C00F8E854 /* App */,
				A76EB9342A6F053800F8E854 /* Cells */,
				A76EB9332A6F053100F8E854 /* Storyboards */,
				A76EB9322A6F052600F8E854 /* ViewControllers */,
				DC2FBBD52A7045E6009A447E /* CoreData */,
				DC2FBBCD2A704244009A447E /* ViewModel */,
				A76EB9272A6EFA8C00F8E854 /* Assets.xcassets */,
				A76EB92C2A6EFA8C00F8E854 /* Info.plist */,
				0BCA00802A72EC4100C86DAD /* RemoveBackgroundModel.mlmodel */,
			);
			path = Cabide;
			sourceTree = "<group>";
		};
		A76EB9322A6F052600F8E854 /* ViewControllers */ = {
			isa = PBXGroup;
			children = (
				DCF91E132A7443A8002E8277 /* ClothesManagement */,
				A76EB93A2A6F061100F8E854 /* Canva */,
				A76EB91F2A6EFA8B00F8E854 /* ViewController.swift */,
			);
			path = ViewControllers;
			sourceTree = "<group>";
		};
		A76EB9332A6F053100F8E854 /* Storyboards */ = {
			isa = PBXGroup;
			children = (
				DCF91E122A744397002E8277 /* ClothesManagement */,
				A76EB9372A6F05EB00F8E854 /* Canva */,
				A76EB9292A6EFA8C00F8E854 /* LaunchScreen.storyboard */,
				A76EB9212A6EFA8B00F8E854 /* Main.storyboard */,
			);
			path = Storyboards;
			sourceTree = "<group>";
		};
		A76EB9342A6F053800F8E854 /* Cells */ = {
			isa = PBXGroup;
			children = (
				DCF91E182A744851002E8277 /* ClotheDetailsCell.swift */,
			);
			path = Cells;
			sourceTree = "<group>";
		};
		A76EB9362A6F058C00F8E854 /* App */ = {
			isa = PBXGroup;
			children = (
				A76EB91B2A6EFA8B00F8E854 /* AppDelegate.swift */,
				A76EB91D2A6EFA8B00F8E854 /* SceneDelegate.swift */,
			);
			path = App;
			sourceTree = "<group>";
		};
		A76EB9372A6F05EB00F8E854 /* Canva */ = {
			isa = PBXGroup;
			children = (
				A76EB9382A6F05FD00F8E854 /* EditableCanva.storyboard */,
				A7B935B22A744EB800F9F40B /* SaveCanva.storyboard */,
				A7773AF52A7833AC009096BE /* ListCanva.storyboard */,
				A7773AFC2A783C6B009096BE /* OpenedCanva.storyboard */,
			);
			path = Canva;
			sourceTree = "<group>";
		};
		A76EB93A2A6F061100F8E854 /* Canva */ = {
			isa = PBXGroup;
			children = (
				A76EB93B2A6F061E00F8E854 /* EditableCanvaViewController.swift */,
				A7773AF32A782F58009096BE /* SaveCanvaViewController.swift */,
				A7773AF72A7833BC009096BE /* ListCanvaViewController.swift */,
				A7773AFE2A783C81009096BE /* OpenedCanvaViewController.swift */,
			);
			path = Canva;
			sourceTree = "<group>";
		};
		A7773AF92A7833EF009096BE /* Canva */ = {
			isa = PBXGroup;
			children = (
				A7E6FABC2A71A5EA00D174BB /* EditableCanvaViewModel.swift */,
				A7773AFA2A783400009096BE /* ListCanvaViewModel.swift */,
				A7773B002A783DA8009096BE /* OpenedCanvaViewModel.swift */,
			);
			path = Canva;
			sourceTree = "<group>";
		};
		DC2FBBCD2A704244009A447E /* ViewModel */ = {
			isa = PBXGroup;
			children = (
				DCD4E1582A782E380017D4BC /* ClothesManagement */,
				DC2FBBD62A704F7C009A447E /* TagViewModel.swift */,
				A7773AF92A7833EF009096BE /* Canva */,
			);
			path = ViewModel;
			sourceTree = "<group>";
		};
		DC2FBBD52A7045E6009A447E /* CoreData */ = {
			isa = PBXGroup;
			children = (
				A76EB9242A6EFA8B00F8E854 /* Cabide.xcdatamodeld */,
				DC2FBBD02A7042BC009A447E /* DataController.swift */,
			);
			path = CoreData;
			sourceTree = "<group>";
		};
		DCD4E1552A7826DF0017D4BC /* Services */ = {
			isa = PBXGroup;
			children = (
				DCD4E1562A7826FD0017D4BC /* ClotheService.swift */,
				A762EF082A784B7A007D64E5 /* CanvaService.swift */,
			);
			path = Services;
			sourceTree = "<group>";
		};
		DCD4E1582A782E380017D4BC /* ClothesManagement */ = {
			isa = PBXGroup;
			children = (
				DC2FBBCE2A704254009A447E /* ClotheViewModel.swift */,
				DCD4E1592A782E790017D4BC /* ListViewModel.swift */,
				DCD4E15B2A782E8A0017D4BC /* ClotheDetailsViewModel.swift */,
			);
			path = ClothesManagement;
			sourceTree = "<group>";
		};
		DCF91E122A744397002E8277 /* ClothesManagement */ = {
			isa = PBXGroup;
			children = (
				0BCA00662A7041A100C86DAD /* Clothe.storyboard */,
				DCF91E142A7443CB002E8277 /* List.storyboard */,
				DCF91E162A7443DF002E8277 /* ClotheDetails.storyboard */,
			);
			path = ClothesManagement;
			sourceTree = "<group>";
		};
		DCF91E132A7443A8002E8277 /* ClothesManagement */ = {
			isa = PBXGroup;
			children = (
				0BCA00682A70439800C86DAD /* ClotheViewController.swift */,
				DCF91E0E2A74428B002E8277 /* ListViewController.swift */,
				DCF91E102A7442A2002E8277 /* ClotheDetailsViewController.swift */,
			);
			path = ClothesManagement;
			sourceTree = "<group>";
		};
/* End PBXGroup section */

/* Begin PBXNativeTarget section */
		A76EB9172A6EFA8B00F8E854 /* Cabide */ = {
			isa = PBXNativeTarget;
			buildConfigurationList = A76EB92F2A6EFA8C00F8E854 /* Build configuration list for PBXNativeTarget "Cabide" */;
			buildPhases = (
				A76EB9142A6EFA8B00F8E854 /* Sources */,
				A76EB9152A6EFA8B00F8E854 /* Frameworks */,
				A76EB9162A6EFA8B00F8E854 /* Resources */,
			);
			buildRules = (
			);
			dependencies = (
			);
			name = Cabide;
			productName = Cabide;
			productReference = A76EB9182A6EFA8B00F8E854 /* Cabide.app */;
			productType = "com.apple.product-type.application";
		};
/* End PBXNativeTarget section */

/* Begin PBXProject section */
		A76EB9102A6EFA8B00F8E854 /* Project object */ = {
			isa = PBXProject;
			attributes = {
				BuildIndependentTargetsInParallel = 1;
				LastSwiftUpdateCheck = 1430;
				LastUpgradeCheck = 1430;
				TargetAttributes = {
					A76EB9172A6EFA8B00F8E854 = {
						CreatedOnToolsVersion = 14.3.1;
					};
				};
			};
			buildConfigurationList = A76EB9132A6EFA8B00F8E854 /* Build configuration list for PBXProject "Cabide" */;
			compatibilityVersion = "Xcode 14.0";
			developmentRegion = en;
			hasScannedForEncodings = 0;
			knownRegions = (
				en,
				Base,
			);
			mainGroup = A76EB90F2A6EFA8B00F8E854;
			productRefGroup = A76EB9192A6EFA8B00F8E854 /* Products */;
			projectDirPath = "";
			projectRoot = "";
			targets = (
				A76EB9172A6EFA8B00F8E854 /* Cabide */,
			);
		};
/* End PBXProject section */

/* Begin PBXResourcesBuildPhase section */
		A76EB9162A6EFA8B00F8E854 /* Resources */ = {
			isa = PBXResourcesBuildPhase;
			buildActionMask = 2147483647;
			files = (
				A76EB9392A6F05FD00F8E854 /* EditableCanva.storyboard in Resources */,
				A76EB92B2A6EFA8C00F8E854 /* LaunchScreen.storyboard in Resources */,
				A76EB9282A6EFA8C00F8E854 /* Assets.xcassets in Resources */,
				A7773AFD2A783C6B009096BE /* OpenedCanva.storyboard in Resources */,
				A76EB9232A6EFA8B00F8E854 /* Main.storyboard in Resources */,
				A7773AF62A7833AC009096BE /* ListCanva.storyboard in Resources */,
				A7B935B32A744EB800F9F40B /* SaveCanva.storyboard in Resources */,
				0BCA00672A7041A100C86DAD /* Clothe.storyboard in Resources */,
				DCF91E152A7443CB002E8277 /* List.storyboard in Resources */,
				DCF91E172A7443DF002E8277 /* ClotheDetails.storyboard in Resources */,
			);
			runOnlyForDeploymentPostprocessing = 0;
		};
/* End PBXResourcesBuildPhase section */

/* Begin PBXSourcesBuildPhase section */
		A76EB9142A6EFA8B00F8E854 /* Sources */ = {
			isa = PBXSourcesBuildPhase;
			buildActionMask = 2147483647;
			files = (
				A76EB93C2A6F061E00F8E854 /* EditableCanvaViewController.swift in Sources */,
				0BCA00792A71B2FE00C86DAD /* CVPixelBuffer+Create.swift in Sources */,
				A76EB9202A6EFA8B00F8E854 /* ViewController.swift in Sources */,
				0BCA00752A71B2B000C86DAD /* UIImage+CVPixelBuffer.swift in Sources */,
				0BCA007B2A71B36700C86DAD /* CGImage+CVPixelBuffer.swift in Sources */,
				DCF91E112A7442A2002E8277 /* ClotheDetailsViewController.swift in Sources */,
				A762EF0E2A78616A007D64E5 /* UIView+Extensions.swift in Sources */,
				DCD4E1572A7826FD0017D4BC /* ClotheService.swift in Sources */,
				A762EF092A784B7A007D64E5 /* CanvaService.swift in Sources */,
				0BCA007D2A71B37F00C86DAD /* CGImage+RawBytes.swift in Sources */,
				0BCA00702A71B1D500C86DAD /* CIImage+Extensions.swift in Sources */,
				A7773AFF2A783C81009096BE /* OpenedCanvaViewController.swift in Sources */,
				A7773AF82A7833BC009096BE /* ListCanvaViewController.swift in Sources */,
				0BCA006E2A71B11500C86DAD /* UIImage+RemoveBackground.swift in Sources */,
				0BCA00732A71B28200C86DAD /* UIImage+Extensions.swift in Sources */,
				0BCA00692A70439800C86DAD /* ClotheViewController.swift in Sources */,
				DCD4E15C2A782E8A0017D4BC /* ClotheDetailsViewModel.swift in Sources */,
				DC2FBBD12A7042BC009A447E /* DataController.swift in Sources */,
				DCF91E192A744851002E8277 /* ClotheDetailsCell.swift in Sources */,
				A7773AFB2A783400009096BE /* ListCanvaViewModel.swift in Sources */,
				A762EF0C2A784BE0007D64E5 /* CoreDataService.swift in Sources */,
				DC2FBBD72A704F7C009A447E /* TagViewModel.swift in Sources */,
				DCD4E15A2A782E790017D4BC /* ListViewModel.swift in Sources */,
				0BCA00812A72EC4100C86DAD /* RemoveBackgroundModel.mlmodel in Sources */,
				0BCA007F2A71B39B00C86DAD /* Math.swift in Sources */,
				A76EB91C2A6EFA8B00F8E854 /* AppDelegate.swift in Sources */,
				DC2FBBCF2A704254009A447E /* ClotheViewModel.swift in Sources */,
				A7E6FABD2A71A5EA00D174BB /* EditableCanvaViewModel.swift in Sources */,
				0BCA00772A71B2D100C86DAD /* MLMultiArray+Image.swift in Sources */,
				A76EB91E2A6EFA8B00F8E854 /* SceneDelegate.swift in Sources */,
				DCF91E0F2A74428B002E8277 /* ListViewController.swift in Sources */,
				A7773B012A783DA8009096BE /* OpenedCanvaViewModel.swift in Sources */,
				A76EB9262A6EFA8B00F8E854 /* Cabide.xcdatamodeld in Sources */,
				A7773AF42A782F58009096BE /* SaveCanvaViewController.swift in Sources */,
			);
			runOnlyForDeploymentPostprocessing = 0;
		};
/* End PBXSourcesBuildPhase section */

/* Begin PBXVariantGroup section */
		A76EB9212A6EFA8B00F8E854 /* Main.storyboard */ = {
			isa = PBXVariantGroup;
			children = (
				A76EB9222A6EFA8B00F8E854 /* Base */,
			);
			name = Main.storyboard;
			sourceTree = "<group>";
		};
		A76EB9292A6EFA8C00F8E854 /* LaunchScreen.storyboard */ = {
			isa = PBXVariantGroup;
			children = (
				A76EB92A2A6EFA8C00F8E854 /* Base */,
			);
			name = LaunchScreen.storyboard;
			sourceTree = "<group>";
		};
/* End PBXVariantGroup section */

/* Begin XCBuildConfiguration section */
		A76EB92D2A6EFA8C00F8E854 /* Debug */ = {
			isa = XCBuildConfiguration;
			buildSettings = {
				ALWAYS_SEARCH_USER_PATHS = NO;
				CLANG_ANALYZER_NONNULL = YES;
				CLANG_ANALYZER_NUMBER_OBJECT_CONVERSION = YES_AGGRESSIVE;
				CLANG_CXX_LANGUAGE_STANDARD = "gnu++20";
				CLANG_ENABLE_MODULES = YES;
				CLANG_ENABLE_OBJC_ARC = YES;
				CLANG_ENABLE_OBJC_WEAK = YES;
				CLANG_WARN_BLOCK_CAPTURE_AUTORELEASING = YES;
				CLANG_WARN_BOOL_CONVERSION = YES;
				CLANG_WARN_COMMA = YES;
				CLANG_WARN_CONSTANT_CONVERSION = YES;
				CLANG_WARN_DEPRECATED_OBJC_IMPLEMENTATIONS = YES;
				CLANG_WARN_DIRECT_OBJC_ISA_USAGE = YES_ERROR;
				CLANG_WARN_DOCUMENTATION_COMMENTS = YES;
				CLANG_WARN_EMPTY_BODY = YES;
				CLANG_WARN_ENUM_CONVERSION = YES;
				CLANG_WARN_INFINITE_RECURSION = YES;
				CLANG_WARN_INT_CONVERSION = YES;
				CLANG_WARN_NON_LITERAL_NULL_CONVERSION = YES;
				CLANG_WARN_OBJC_IMPLICIT_RETAIN_SELF = YES;
				CLANG_WARN_OBJC_LITERAL_CONVERSION = YES;
				CLANG_WARN_OBJC_ROOT_CLASS = YES_ERROR;
				CLANG_WARN_QUOTED_INCLUDE_IN_FRAMEWORK_HEADER = YES;
				CLANG_WARN_RANGE_LOOP_ANALYSIS = YES;
				CLANG_WARN_STRICT_PROTOTYPES = YES;
				CLANG_WARN_SUSPICIOUS_MOVE = YES;
				CLANG_WARN_UNGUARDED_AVAILABILITY = YES_AGGRESSIVE;
				CLANG_WARN_UNREACHABLE_CODE = YES;
				CLANG_WARN__DUPLICATE_METHOD_MATCH = YES;
				COPY_PHASE_STRIP = NO;
				DEBUG_INFORMATION_FORMAT = dwarf;
				ENABLE_STRICT_OBJC_MSGSEND = YES;
				ENABLE_TESTABILITY = YES;
				GCC_C_LANGUAGE_STANDARD = gnu11;
				GCC_DYNAMIC_NO_PIC = NO;
				GCC_NO_COMMON_BLOCKS = YES;
				GCC_OPTIMIZATION_LEVEL = 0;
				GCC_PREPROCESSOR_DEFINITIONS = (
					"DEBUG=1",
					"$(inherited)",
				);
				GCC_WARN_64_TO_32_BIT_CONVERSION = YES;
				GCC_WARN_ABOUT_RETURN_TYPE = YES_ERROR;
				GCC_WARN_UNDECLARED_SELECTOR = YES;
				GCC_WARN_UNINITIALIZED_AUTOS = YES_AGGRESSIVE;
				GCC_WARN_UNUSED_FUNCTION = YES;
				GCC_WARN_UNUSED_VARIABLE = YES;
				IPHONEOS_DEPLOYMENT_TARGET = 16.4;
				MTL_ENABLE_DEBUG_INFO = INCLUDE_SOURCE;
				MTL_FAST_MATH = YES;
				ONLY_ACTIVE_ARCH = YES;
				SDKROOT = iphoneos;
				SWIFT_ACTIVE_COMPILATION_CONDITIONS = DEBUG;
				SWIFT_OPTIMIZATION_LEVEL = "-Onone";
			};
			name = Debug;
		};
		A76EB92E2A6EFA8C00F8E854 /* Release */ = {
			isa = XCBuildConfiguration;
			buildSettings = {
				ALWAYS_SEARCH_USER_PATHS = NO;
				CLANG_ANALYZER_NONNULL = YES;
				CLANG_ANALYZER_NUMBER_OBJECT_CONVERSION = YES_AGGRESSIVE;
				CLANG_CXX_LANGUAGE_STANDARD = "gnu++20";
				CLANG_ENABLE_MODULES = YES;
				CLANG_ENABLE_OBJC_ARC = YES;
				CLANG_ENABLE_OBJC_WEAK = YES;
				CLANG_WARN_BLOCK_CAPTURE_AUTORELEASING = YES;
				CLANG_WARN_BOOL_CONVERSION = YES;
				CLANG_WARN_COMMA = YES;
				CLANG_WARN_CONSTANT_CONVERSION = YES;
				CLANG_WARN_DEPRECATED_OBJC_IMPLEMENTATIONS = YES;
				CLANG_WARN_DIRECT_OBJC_ISA_USAGE = YES_ERROR;
				CLANG_WARN_DOCUMENTATION_COMMENTS = YES;
				CLANG_WARN_EMPTY_BODY = YES;
				CLANG_WARN_ENUM_CONVERSION = YES;
				CLANG_WARN_INFINITE_RECURSION = YES;
				CLANG_WARN_INT_CONVERSION = YES;
				CLANG_WARN_NON_LITERAL_NULL_CONVERSION = YES;
				CLANG_WARN_OBJC_IMPLICIT_RETAIN_SELF = YES;
				CLANG_WARN_OBJC_LITERAL_CONVERSION = YES;
				CLANG_WARN_OBJC_ROOT_CLASS = YES_ERROR;
				CLANG_WARN_QUOTED_INCLUDE_IN_FRAMEWORK_HEADER = YES;
				CLANG_WARN_RANGE_LOOP_ANALYSIS = YES;
				CLANG_WARN_STRICT_PROTOTYPES = YES;
				CLANG_WARN_SUSPICIOUS_MOVE = YES;
				CLANG_WARN_UNGUARDED_AVAILABILITY = YES_AGGRESSIVE;
				CLANG_WARN_UNREACHABLE_CODE = YES;
				CLANG_WARN__DUPLICATE_METHOD_MATCH = YES;
				COPY_PHASE_STRIP = NO;
				DEBUG_INFORMATION_FORMAT = "dwarf-with-dsym";
				ENABLE_NS_ASSERTIONS = NO;
				ENABLE_STRICT_OBJC_MSGSEND = YES;
				GCC_C_LANGUAGE_STANDARD = gnu11;
				GCC_NO_COMMON_BLOCKS = YES;
				GCC_WARN_64_TO_32_BIT_CONVERSION = YES;
				GCC_WARN_ABOUT_RETURN_TYPE = YES_ERROR;
				GCC_WARN_UNDECLARED_SELECTOR = YES;
				GCC_WARN_UNINITIALIZED_AUTOS = YES_AGGRESSIVE;
				GCC_WARN_UNUSED_FUNCTION = YES;
				GCC_WARN_UNUSED_VARIABLE = YES;
				IPHONEOS_DEPLOYMENT_TARGET = 16.4;
				MTL_ENABLE_DEBUG_INFO = NO;
				MTL_FAST_MATH = YES;
				SDKROOT = iphoneos;
				SWIFT_COMPILATION_MODE = wholemodule;
				SWIFT_OPTIMIZATION_LEVEL = "-O";
				VALIDATE_PRODUCT = YES;
			};
			name = Release;
		};
		A76EB9302A6EFA8C00F8E854 /* Debug */ = {
			isa = XCBuildConfiguration;
			buildSettings = {
				ASSETCATALOG_COMPILER_APPICON_NAME = AppIcon;
				ASSETCATALOG_COMPILER_GLOBAL_ACCENT_COLOR_NAME = AccentColor;
				CODE_SIGN_STYLE = Automatic;
				CURRENT_PROJECT_VERSION = 1;
				DEVELOPMENT_TEAM = 73DNAYF2TM;
				GENERATE_INFOPLIST_FILE = YES;
				INFOPLIST_FILE = Cabide/Info.plist;
				INFOPLIST_KEY_NSCameraUsageDescription = "This app uses camera to capture photos.";
				INFOPLIST_KEY_UIApplicationSupportsIndirectInputEvents = YES;
				INFOPLIST_KEY_UILaunchStoryboardName = LaunchScreen;
				INFOPLIST_KEY_UIMainStoryboardFile = Main;
				INFOPLIST_KEY_UISupportedInterfaceOrientations_iPad = "UIInterfaceOrientationPortrait UIInterfaceOrientationPortraitUpsideDown UIInterfaceOrientationLandscapeLeft UIInterfaceOrientationLandscapeRight";
				INFOPLIST_KEY_UISupportedInterfaceOrientations_iPhone = "UIInterfaceOrientationPortrait UIInterfaceOrientationLandscapeLeft UIInterfaceOrientationLandscapeRight";
				IPHONEOS_DEPLOYMENT_TARGET = 15.0;
				LD_RUNPATH_SEARCH_PATHS = (
					"$(inherited)",
					"@executable_path/Frameworks",
				);
				MARKETING_VERSION = 1.0;
				PRODUCT_BUNDLE_IDENTIFIER = com.dev.Cabide;
				PRODUCT_NAME = "$(TARGET_NAME)";
				SWIFT_EMIT_LOC_STRINGS = YES;
				SWIFT_VERSION = 5.0;
				TARGETED_DEVICE_FAMILY = "1,2";
			};
			name = Debug;
		};
		A76EB9312A6EFA8C00F8E854 /* Release */ = {
			isa = XCBuildConfiguration;
			buildSettings = {
				ASSETCATALOG_COMPILER_APPICON_NAME = AppIcon;
				ASSETCATALOG_COMPILER_GLOBAL_ACCENT_COLOR_NAME = AccentColor;
				CODE_SIGN_STYLE = Automatic;
				CURRENT_PROJECT_VERSION = 1;
				DEVELOPMENT_TEAM = 73DNAYF2TM;
				GENERATE_INFOPLIST_FILE = YES;
				INFOPLIST_FILE = Cabide/Info.plist;
				INFOPLIST_KEY_NSCameraUsageDescription = "This app uses camera to capture photos.";
				INFOPLIST_KEY_UIApplicationSupportsIndirectInputEvents = YES;
				INFOPLIST_KEY_UILaunchStoryboardName = LaunchScreen;
				INFOPLIST_KEY_UIMainStoryboardFile = Main;
				INFOPLIST_KEY_UISupportedInterfaceOrientations_iPad = "UIInterfaceOrientationPortrait UIInterfaceOrientationPortraitUpsideDown UIInterfaceOrientationLandscapeLeft UIInterfaceOrientationLandscapeRight";
				INFOPLIST_KEY_UISupportedInterfaceOrientations_iPhone = "UIInterfaceOrientationPortrait UIInterfaceOrientationLandscapeLeft UIInterfaceOrientationLandscapeRight";
				IPHONEOS_DEPLOYMENT_TARGET = 15.0;
				LD_RUNPATH_SEARCH_PATHS = (
					"$(inherited)",
					"@executable_path/Frameworks",
				);
				MARKETING_VERSION = 1.0;
				PRODUCT_BUNDLE_IDENTIFIER = com.dev.Cabide;
				PRODUCT_NAME = "$(TARGET_NAME)";
				SWIFT_EMIT_LOC_STRINGS = YES;
				SWIFT_VERSION = 5.0;
				TARGETED_DEVICE_FAMILY = "1,2";
			};
			name = Release;
		};
/* End XCBuildConfiguration section */

/* Begin XCConfigurationList section */
		A76EB9132A6EFA8B00F8E854 /* Build configuration list for PBXProject "Cabide" */ = {
			isa = XCConfigurationList;
			buildConfigurations = (
				A76EB92D2A6EFA8C00F8E854 /* Debug */,
				A76EB92E2A6EFA8C00F8E854 /* Release */,
			);
			defaultConfigurationIsVisible = 0;
			defaultConfigurationName = Release;
		};
		A76EB92F2A6EFA8C00F8E854 /* Build configuration list for PBXNativeTarget "Cabide" */ = {
			isa = XCConfigurationList;
			buildConfigurations = (
				A76EB9302A6EFA8C00F8E854 /* Debug */,
				A76EB9312A6EFA8C00F8E854 /* Release */,
			);
			defaultConfigurationIsVisible = 0;
			defaultConfigurationName = Release;
		};
/* End XCConfigurationList section */

/* Begin XCVersionGroup section */
		A76EB9242A6EFA8B00F8E854 /* Cabide.xcdatamodeld */ = {
			isa = XCVersionGroup;
			children = (
				A76EB9252A6EFA8B00F8E854 /* Cabide.xcdatamodel */,
			);
			currentVersion = A76EB9252A6EFA8B00F8E854 /* Cabide.xcdatamodel */;
			path = Cabide.xcdatamodeld;
			sourceTree = "<group>";
			versionGroupType = wrapper.xcdatamodel;
		};
/* End XCVersionGroup section */
	};
	rootObject = A76EB9102A6EFA8B00F8E854 /* Project object */;
}
