// !$*UTF8*$!
{
	archiveVersion = 1;
	classes = {
	};
	objectVersion = 56;
	objects = {

/* Begin PBXBuildFile section */
		0BCA00672A7041A100C86DAD /* Clothe.storyboard in Resources */ = {isa = PBXBuildFile; fileRef = 0BCA00662A7041A100C86DAD /* Clothe.storyboard */; };
		0BCA00692A70439800C86DAD /* ClotheViewController.swift in Sources */ = {isa = PBXBuildFile; fileRef = 0BCA00682A70439800C86DAD /* ClotheViewController.swift */; };
		A76EB91C2A6EFA8B00F8E854 /* AppDelegate.swift in Sources */ = {isa = PBXBuildFile; fileRef = A76EB91B2A6EFA8B00F8E854 /* AppDelegate.swift */; };
		A76EB91E2A6EFA8B00F8E854 /* SceneDelegate.swift in Sources */ = {isa = PBXBuildFile; fileRef = A76EB91D2A6EFA8B00F8E854 /* SceneDelegate.swift */; };
		A76EB9202A6EFA8B00F8E854 /* ViewController.swift in Sources */ = {isa = PBXBuildFile; fileRef = A76EB91F2A6EFA8B00F8E854 /* ViewController.swift */; };
		A76EB9232A6EFA8B00F8E854 /* Main.storyboard in Resources */ = {isa = PBXBuildFile; fileRef = A76EB9212A6EFA8B00F8E854 /* Main.storyboard */; };
		A76EB9262A6EFA8B00F8E854 /* Cabide.xcdatamodeld in Sources */ = {isa = PBXBuildFile; fileRef = A76EB9242A6EFA8B00F8E854 /* Cabide.xcdatamodeld */; };
		A76EB9282A6EFA8C00F8E854 /* Assets.xcassets in Resources */ = {isa = PBXBuildFile; fileRef = A76EB9272A6EFA8C00F8E854 /* Assets.xcassets */; };
		A76EB92B2A6EFA8C00F8E854 /* LaunchScreen.storyboard in Resources */ = {isa = PBXBuildFile; fileRef = A76EB9292A6EFA8C00F8E854 /* LaunchScreen.storyboard */; };
		DC2FBBCF2A704254009A447E /* ClotheViewModel.swift in Sources */ = {isa = PBXBuildFile; fileRef = DC2FBBCE2A704254009A447E /* ClotheViewModel.swift */; };
		DC2FBBD12A7042BC009A447E /* DataController.swift in Sources */ = {isa = PBXBuildFile; fileRef = DC2FBBD02A7042BC009A447E /* DataController.swift */; };
		DC2FBBD72A704F7C009A447E /* TagViewModel.swift in Sources */ = {isa = PBXBuildFile; fileRef = DC2FBBD62A704F7C009A447E /* TagViewModel.swift */; };
/* End PBXBuildFile section */

/* Begin PBXFileReference section */
		0BCA00662A7041A100C86DAD /* Clothe.storyboard */ = {isa = PBXFileReference; lastKnownFileType = file.storyboard; path = Clothe.storyboard; sourceTree = "<group>"; };
		0BCA00682A70439800C86DAD /* ClotheViewController.swift */ = {isa = PBXFileReference; lastKnownFileType = sourcecode.swift; path = ClotheViewController.swift; sourceTree = "<group>"; };
		A76EB9182A6EFA8B00F8E854 /* Cabide.app */ = {isa = PBXFileReference; explicitFileType = wrapper.application; includeInIndex = 0; path = Cabide.app; sourceTree = BUILT_PRODUCTS_DIR; };
		A76EB91B2A6EFA8B00F8E854 /* AppDelegate.swift */ = {isa = PBXFileReference; lastKnownFileType = sourcecode.swift; path = AppDelegate.swift; sourceTree = "<group>"; };
		A76EB91D2A6EFA8B00F8E854 /* SceneDelegate.swift */ = {isa = PBXFileReference; lastKnownFileType = sourcecode.swift; path = SceneDelegate.swift; sourceTree = "<group>"; };
		A76EB91F2A6EFA8B00F8E854 /* ViewController.swift */ = {isa = PBXFileReference; lastKnownFileType = sourcecode.swift; path = ViewController.swift; sourceTree = "<group>"; };
		A76EB9222A6EFA8B00F8E854 /* Base */ = {isa = PBXFileReference; lastKnownFileType = file.storyboard; name = Base; path = Base.lproj/Main.storyboard; sourceTree = "<group>"; };
		A76EB9252A6EFA8B00F8E854 /* Cabide.xcdatamodel */ = {isa = PBXFileReference; lastKnownFileType = wrapper.xcdatamodel; path = Cabide.xcdatamodel; sourceTree = "<group>"; };
		A76EB9272A6EFA8C00F8E854 /* Assets.xcassets */ = {isa = PBXFileReference; lastKnownFileType = folder.assetcatalog; path = Assets.xcassets; sourceTree = "<group>"; };
		A76EB92A2A6EFA8C00F8E854 /* Base */ = {isa = PBXFileReference; lastKnownFileType = file.storyboard; name = Base; path = Base.lproj/LaunchScreen.storyboard; sourceTree = "<group>"; };
		A76EB92C2A6EFA8C00F8E854 /* Info.plist */ = {isa = PBXFileReference; lastKnownFileType = text.plist.xml; path = Info.plist; sourceTree = "<group>"; };
		DC2FBBCE2A704254009A447E /* ClotheViewModel.swift */ = {isa = PBXFileReference; lastKnownFileType = sourcecode.swift; path = ClotheViewModel.swift; sourceTree = "<group>"; };
		DC2FBBD02A7042BC009A447E /* DataController.swift */ = {isa = PBXFileReference; lastKnownFileType = sourcecode.swift; path = DataController.swift; sourceTree = "<group>"; };
		DC2FBBD62A704F7C009A447E /* TagViewModel.swift */ = {isa = PBXFileReference; lastKnownFileType = sourcecode.swift; path = TagViewModel.swift; sourceTree = "<group>"; };
/* End PBXFileReference section */

/* Begin PBXFrameworksBuildPhase section */
		A76EB9152A6EFA8B00F8E854 /* Frameworks */ = {
			isa = PBXFrameworksBuildPhase;
			buildActionMask = 2147483647;
			files = (
			);
			runOnlyForDeploymentPostprocessing = 0;
		};
/* End PBXFrameworksBuildPhase section */

/* Begin PBXGroup section */
		A76EB90F2A6EFA8B00F8E854 = {
			isa = PBXGroup;
			children = (
				A76EB91A2A6EFA8B00F8E854 /* Cabide */,
				A76EB9192A6EFA8B00F8E854 /* Products */,
			);
			sourceTree = "<group>";
		};
		A76EB9192A6EFA8B00F8E854 /* Products */ = {
			isa = PBXGroup;
			children = (
				A76EB9182A6EFA8B00F8E854 /* Cabide.app */,
			);
			name = Products;
			sourceTree = "<group>";
		};
		A76EB91A2A6EFA8B00F8E854 /* Cabide */ = {
			isa = PBXGroup;
			children = (
				A76EB9362A6F058C00F8E854 /* App */,
				A76EB9342A6F053800F8E854 /* Cells */,
				A76EB9332A6F053100F8E854 /* Storyboards */,
				A76EB9322A6F052600F8E854 /* ViewControllers */,
				DC2FBBD52A7045E6009A447E /* CoreData */,
				DC2FBBCD2A704244009A447E /* ViewModel */,
				A76EB9272A6EFA8C00F8E854 /* Assets.xcassets */,
				A76EB92C2A6EFA8C00F8E854 /* Info.plist */,
			);
			path = Cabide;
			sourceTree = "<group>";
		};
		A76EB9322A6F052600F8E854 /* ViewControllers */ = {
			isa = PBXGroup;
			children = (
				A76EB91F2A6EFA8B00F8E854 /* ViewController.swift */,
				0BCA00682A70439800C86DAD /* ClotheViewController.swift */,
			);
			path = ViewControllers;
			sourceTree = "<group>";
		};
		A76EB9332A6F053100F8E854 /* Storyboards */ = {
			isa = PBXGroup;
			children = (
				A76EB9292A6EFA8C00F8E854 /* LaunchScreen.storyboard */,
				A76EB9212A6EFA8B00F8E854 /* Main.storyboard */,
				0BCA00662A7041A100C86DAD /* Clothe.storyboard */,
			);
			path = Storyboards;
			sourceTree = "<group>";
		};
		A76EB9342A6F053800F8E854 /* Cells */ = {
			isa = PBXGroup;
			children = (
			);
			path = Cells;
			sourceTree = "<group>";
		};
		A76EB9362A6F058C00F8E854 /* App */ = {
			isa = PBXGroup;
			children = (
				A76EB91B2A6EFA8B00F8E854 /* AppDelegate.swift */,
				A76EB91D2A6EFA8B00F8E854 /* SceneDelegate.swift */,
			);
			path = App;
			sourceTree = "<group>";
		};
		DC2FBBCD2A704244009A447E /* ViewModel */ = {
			isa = PBXGroup;
			children = (
				DC2FBBCE2A704254009A447E /* ClotheViewModel.swift */,
				DC2FBBD62A704F7C009A447E /* TagViewModel.swift */,
			);
			path = ViewModel;
			sourceTree = "<group>";
		};
		DC2FBBD52A7045E6009A447E /* CoreData */ = {
			isa = PBXGroup;
			children = (
				A76EB9242A6EFA8B00F8E854 /* Cabide.xcdatamodeld */,
				DC2FBBD02A7042BC009A447E /* DataController.swift */,
			);
			path = CoreData;
			sourceTree = "<group>";
		};
/* End PBXGroup section */

/* Begin PBXNativeTarget section */
		A76EB9172A6EFA8B00F8E854 /* Cabide */ = {
			isa = PBXNativeTarget;
			buildConfigurationList = A76EB92F2A6EFA8C00F8E854 /* Build configuration list for PBXNativeTarget "Cabide" */;
			buildPhases = (
				A76EB9142A6EFA8B00F8E854 /* Sources */,
				A76EB9152A6EFA8B00F8E854 /* Frameworks */,
				A76EB9162A6EFA8B00F8E854 /* Resources */,
			);
			buildRules = (
			);
			dependencies = (
			);
			name = Cabide;
			productName = Cabide;
			productReference = A76EB9182A6EFA8B00F8E854 /* Cabide.app */;
			productType = "com.apple.product-type.application";
		};
/* End PBXNativeTarget section */

/* Begin PBXProject section */
		A76EB9102A6EFA8B00F8E854 /* Project object */ = {
			isa = PBXProject;
			attributes = {
				BuildIndependentTargetsInParallel = 1;
				LastSwiftUpdateCheck = 1430;
				LastUpgradeCheck = 1430;
				TargetAttributes = {
					A76EB9172A6EFA8B00F8E854 = {
						CreatedOnToolsVersion = 14.3.1;
					};
				};
			};
			buildConfigurationList = A76EB9132A6EFA8B00F8E854 /* Build configuration list for PBXProject "Cabide" */;
			compatibilityVersion = "Xcode 14.0";
			developmentRegion = en;
			hasScannedForEncodings = 0;
			knownRegions = (
				en,
				Base,
			);
			mainGroup = A76EB90F2A6EFA8B00F8E854;
			productRefGroup = A76EB9192A6EFA8B00F8E854 /* Products */;
			projectDirPath = "";
			projectRoot = "";
			targets = (
				A76EB9172A6EFA8B00F8E854 /* Cabide */,
			);
		};
/* End PBXProject section */

/* Begin PBXResourcesBuildPhase section */
		A76EB9162A6EFA8B00F8E854 /* Resources */ = {
			isa = PBXResourcesBuildPhase;
			buildActionMask = 2147483647;
			files = (
				A76EB92B2A6EFA8C00F8E854 /* LaunchScreen.storyboard in Resources */,
				A76EB9282A6EFA8C00F8E854 /* Assets.xcassets in Resources */,
				A76EB9232A6EFA8B00F8E854 /* Main.storyboard in Resources */,
				0BCA00672A7041A100C86DAD /* Clothe.storyboard in Resources */,
			);
			runOnlyForDeploymentPostprocessing = 0;
		};
/* End PBXResourcesBuildPhase section */

/* Begin PBXSourcesBuildPhase section */
		A76EB9142A6EFA8B00F8E854 /* Sources */ = {
			isa = PBXSourcesBuildPhase;
			buildActionMask = 2147483647;
			files = (
				A76EB9202A6EFA8B00F8E854 /* ViewController.swift in Sources */,
				0BCA00692A70439800C86DAD /* ClotheViewController.swift in Sources */,
				DC2FBBD12A7042BC009A447E /* DataController.swift in Sources */,
				DC2FBBD72A704F7C009A447E /* TagViewModel.swift in Sources */,
				A76EB91C2A6EFA8B00F8E854 /* AppDelegate.swift in Sources */,
				DC2FBBCF2A704254009A447E /* ClotheViewModel.swift in Sources */,
				A76EB91E2A6EFA8B00F8E854 /* SceneDelegate.swift in Sources */,
				A76EB9262A6EFA8B00F8E854 /* Cabide.xcdatamodeld in Sources */,
			);
			runOnlyForDeploymentPostprocessing = 0;
		};
/* End PBXSourcesBuildPhase section */

/* Begin PBXVariantGroup section */
		A76EB9212A6EFA8B00F8E854 /* Main.storyboard */ = {
			isa = PBXVariantGroup;
			children = (
				A76EB9222A6EFA8B00F8E854 /* Base */,
			);
			name = Main.storyboard;
			sourceTree = "<group>";
		};
		A76EB9292A6EFA8C00F8E854 /* LaunchScreen.storyboard */ = {
			isa = PBXVariantGroup;
			children = (
				A76EB92A2A6EFA8C00F8E854 /* Base */,
			);
			name = LaunchScreen.storyboard;
			sourceTree = "<group>";
		};
/* End PBXVariantGroup section */

/* Begin XCBuildConfiguration section */
		A76EB92D2A6EFA8C00F8E854 /* Debug */ = {
			isa = XCBuildConfiguration;
			buildSettings = {
				ALWAYS_SEARCH_USER_PATHS = NO;
				CLANG_ANALYZER_NONNULL = YES;
				CLANG_ANALYZER_NUMBER_OBJECT_CONVERSION = YES_AGGRESSIVE;
				CLANG_CXX_LANGUAGE_STANDARD = "gnu++20";
				CLANG_ENABLE_MODULES = YES;
				CLANG_ENABLE_OBJC_ARC = YES;
				CLANG_ENABLE_OBJC_WEAK = YES;
				CLANG_WARN_BLOCK_CAPTURE_AUTORELEASING = YES;
				CLANG_WARN_BOOL_CONVERSION = YES;
				CLANG_WARN_COMMA = YES;
				CLANG_WARN_CONSTANT_CONVERSION = YES;
				CLANG_WARN_DEPRECATED_OBJC_IMPLEMENTATIONS = YES;
				CLANG_WARN_DIRECT_OBJC_ISA_USAGE = YES_ERROR;
				CLANG_WARN_DOCUMENTATION_COMMENTS = YES;
				CLANG_WARN_EMPTY_BODY = YES;
				CLANG_WARN_ENUM_CONVERSION = YES;
				CLANG_WARN_INFINITE_RECURSION = YES;
				CLANG_WARN_INT_CONVERSION = YES;
				CLANG_WARN_NON_LITERAL_NULL_CONVERSION = YES;
				CLANG_WARN_OBJC_IMPLICIT_RETAIN_SELF = YES;
				CLANG_WARN_OBJC_LITERAL_CONVERSION = YES;
				CLANG_WARN_OBJC_ROOT_CLASS = YES_ERROR;
				CLANG_WARN_QUOTED_INCLUDE_IN_FRAMEWORK_HEADER = YES;
				CLANG_WARN_RANGE_LOOP_ANALYSIS = YES;
				CLANG_WARN_STRICT_PROTOTYPES = YES;
				CLANG_WARN_SUSPICIOUS_MOVE = YES;
				CLANG_WARN_UNGUARDED_AVAILABILITY = YES_AGGRESSIVE;
				CLANG_WARN_UNREACHABLE_CODE = YES;
				CLANG_WARN__DUPLICATE_METHOD_MATCH = YES;
				COPY_PHASE_STRIP = NO;
				DEBUG_INFORMATION_FORMAT = dwarf;
				ENABLE_STRICT_OBJC_MSGSEND = YES;
				ENABLE_TESTABILITY = YES;
				GCC_C_LANGUAGE_STANDARD = gnu11;
				GCC_DYNAMIC_NO_PIC = NO;
				GCC_NO_COMMON_BLOCKS = YES;
				GCC_OPTIMIZATION_LEVEL = 0;
				GCC_PREPROCESSOR_DEFINITIONS = (
					"DEBUG=1",
					"$(inherited)",
				);
				GCC_WARN_64_TO_32_BIT_CONVERSION = YES;
				GCC_WARN_ABOUT_RETURN_TYPE = YES_ERROR;
				GCC_WARN_UNDECLARED_SELECTOR = YES;
				GCC_WARN_UNINITIALIZED_AUTOS = YES_AGGRESSIVE;
				GCC_WARN_UNUSED_FUNCTION = YES;
				GCC_WARN_UNUSED_VARIABLE = YES;
				IPHONEOS_DEPLOYMENT_TARGET = 16.4;
				MTL_ENABLE_DEBUG_INFO = INCLUDE_SOURCE;
				MTL_FAST_MATH = YES;
				ONLY_ACTIVE_ARCH = YES;
				SDKROOT = iphoneos;
				SWIFT_ACTIVE_COMPILATION_CONDITIONS = DEBUG;
				SWIFT_OPTIMIZATION_LEVEL = "-Onone";
			};
			name = Debug;
		};
		A76EB92E2A6EFA8C00F8E854 /* Release */ = {
			isa = XCBuildConfiguration;
			buildSettings = {
				ALWAYS_SEARCH_USER_PATHS = NO;
				CLANG_ANALYZER_NONNULL = YES;
				CLANG_ANALYZER_NUMBER_OBJECT_CONVERSION = YES_AGGRESSIVE;
				CLANG_CXX_LANGUAGE_STANDARD = "gnu++20";
				CLANG_ENABLE_MODULES = YES;
				CLANG_ENABLE_OBJC_ARC = YES;
				CLANG_ENABLE_OBJC_WEAK = YES;
				CLANG_WARN_BLOCK_CAPTURE_AUTORELEASING = YES;
				CLANG_WARN_BOOL_CONVERSION = YES;
				CLANG_WARN_COMMA = YES;
				CLANG_WARN_CONSTANT_CONVERSION = YES;
				CLANG_WARN_DEPRECATED_OBJC_IMPLEMENTATIONS = YES;
				CLANG_WARN_DIRECT_OBJC_ISA_USAGE = YES_ERROR;
				CLANG_WARN_DOCUMENTATION_COMMENTS = YES;
				CLANG_WARN_EMPTY_BODY = YES;
				CLANG_WARN_ENUM_CONVERSION = YES;
				CLANG_WARN_INFINITE_RECURSION = YES;
				CLANG_WARN_INT_CONVERSION = YES;
				CLANG_WARN_NON_LITERAL_NULL_CONVERSION = YES;
				CLANG_WARN_OBJC_IMPLICIT_RETAIN_SELF = YES;
				CLANG_WARN_OBJC_LITERAL_CONVERSION = YES;
				CLANG_WARN_OBJC_ROOT_CLASS = YES_ERROR;
				CLANG_WARN_QUOTED_INCLUDE_IN_FRAMEWORK_HEADER = YES;
				CLANG_WARN_RANGE_LOOP_ANALYSIS = YES;
				CLANG_WARN_STRICT_PROTOTYPES = YES;
				CLANG_WARN_SUSPICIOUS_MOVE = YES;
				CLANG_WARN_UNGUARDED_AVAILABILITY = YES_AGGRESSIVE;
				CLANG_WARN_UNREACHABLE_CODE = YES;
				CLANG_WARN__DUPLICATE_METHOD_MATCH = YES;
				COPY_PHASE_STRIP = NO;
				DEBUG_INFORMATION_FORMAT = "dwarf-with-dsym";
				ENABLE_NS_ASSERTIONS = NO;
				ENABLE_STRICT_OBJC_MSGSEND = YES;
				GCC_C_LANGUAGE_STANDARD = gnu11;
				GCC_NO_COMMON_BLOCKS = YES;
				GCC_WARN_64_TO_32_BIT_CONVERSION = YES;
				GCC_WARN_ABOUT_RETURN_TYPE = YES_ERROR;
				GCC_WARN_UNDECLARED_SELECTOR = YES;
				GCC_WARN_UNINITIALIZED_AUTOS = YES_AGGRESSIVE;
				GCC_WARN_UNUSED_FUNCTION = YES;
				GCC_WARN_UNUSED_VARIABLE = YES;
				IPHONEOS_DEPLOYMENT_TARGET = 16.4;
				MTL_ENABLE_DEBUG_INFO = NO;
				MTL_FAST_MATH = YES;
				SDKROOT = iphoneos;
				SWIFT_COMPILATION_MODE = wholemodule;
				SWIFT_OPTIMIZATION_LEVEL = "-O";
				VALIDATE_PRODUCT = YES;
			};
			name = Release;
		};
		A76EB9302A6EFA8C00F8E854 /* Debug */ = {
			isa = XCBuildConfiguration;
			buildSettings = {
				ASSETCATALOG_COMPILER_APPICON_NAME = AppIcon;
				ASSETCATALOG_COMPILER_GLOBAL_ACCENT_COLOR_NAME = AccentColor;
				CODE_SIGN_STYLE = Automatic;
				CURRENT_PROJECT_VERSION = 1;
				DEVELOPMENT_TEAM = 3GNMJZ6Q8Z;
				GENERATE_INFOPLIST_FILE = YES;
				INFOPLIST_FILE = Cabide/Info.plist;
				INFOPLIST_KEY_UIApplicationSupportsIndirectInputEvents = YES;
				INFOPLIST_KEY_UILaunchStoryboardName = LaunchScreen;
				INFOPLIST_KEY_UIMainStoryboardFile = Main;
				INFOPLIST_KEY_UISupportedInterfaceOrientations_iPad = "UIInterfaceOrientationPortrait UIInterfaceOrientationPortraitUpsideDown UIInterfaceOrientationLandscapeLeft UIInterfaceOrientationLandscapeRight";
				INFOPLIST_KEY_UISupportedInterfaceOrientations_iPhone = "UIInterfaceOrientationPortrait UIInterfaceOrientationLandscapeLeft UIInterfaceOrientationLandscapeRight";
				IPHONEOS_DEPLOYMENT_TARGET = 15.0;
				LD_RUNPATH_SEARCH_PATHS = (
					"$(inherited)",
					"@executable_path/Frameworks",
				);
				MARKETING_VERSION = 1.0;
				PRODUCT_BUNDLE_IDENTIFIER = com.dev.Cabide;
				PRODUCT_NAME = "$(TARGET_NAME)";
				SWIFT_EMIT_LOC_STRINGS = YES;
				SWIFT_VERSION = 5.0;
				TARGETED_DEVICE_FAMILY = "1,2";
			};
			name = Debug;
		};
		A76EB9312A6EFA8C00F8E854 /* Release */ = {
			isa = XCBuildConfiguration;
			buildSettings = {
				ASSETCATALOG_COMPILER_APPICON_NAME = AppIcon;
				ASSETCATALOG_COMPILER_GLOBAL_ACCENT_COLOR_NAME = AccentColor;
				CODE_SIGN_STYLE = Automatic;
				CURRENT_PROJECT_VERSION = 1;
				DEVELOPMENT_TEAM = 3GNMJZ6Q8Z;
				GENERATE_INFOPLIST_FILE = YES;
				INFOPLIST_FILE = Cabide/Info.plist;
				INFOPLIST_KEY_UIApplicationSupportsIndirectInputEvents = YES;
				INFOPLIST_KEY_UILaunchStoryboardName = LaunchScreen;
				INFOPLIST_KEY_UIMainStoryboardFile = Main;
				INFOPLIST_KEY_UISupportedInterfaceOrientations_iPad = "UIInterfaceOrientationPortrait UIInterfaceOrientationPortraitUpsideDown UIInterfaceOrientationLandscapeLeft UIInterfaceOrientationLandscapeRight";
				INFOPLIST_KEY_UISupportedInterfaceOrientations_iPhone = "UIInterfaceOrientationPortrait UIInterfaceOrientationLandscapeLeft UIInterfaceOrientationLandscapeRight";
				IPHONEOS_DEPLOYMENT_TARGET = 15.0;
				LD_RUNPATH_SEARCH_PATHS = (
					"$(inherited)",
					"@executable_path/Frameworks",
				);
				MARKETING_VERSION = 1.0;
				PRODUCT_BUNDLE_IDENTIFIER = com.dev.Cabide;
				PRODUCT_NAME = "$(TARGET_NAME)";
				SWIFT_EMIT_LOC_STRINGS = YES;
				SWIFT_VERSION = 5.0;
				TARGETED_DEVICE_FAMILY = "1,2";
			};
			name = Release;
		};
/* End XCBuildConfiguration section */

/* Begin XCConfigurationList section */
		A76EB9132A6EFA8B00F8E854 /* Build configuration list for PBXProject "Cabide" */ = {
			isa = XCConfigurationList;
			buildConfigurations = (
				A76EB92D2A6EFA8C00F8E854 /* Debug */,
				A76EB92E2A6EFA8C00F8E854 /* Release */,
			);
			defaultConfigurationIsVisible = 0;
			defaultConfigurationName = Release;
		};
		A76EB92F2A6EFA8C00F8E854 /* Build configuration list for PBXNativeTarget "Cabide" */ = {
			isa = XCConfigurationList;
			buildConfigurations = (
				A76EB9302A6EFA8C00F8E854 /* Debug */,
				A76EB9312A6EFA8C00F8E854 /* Release */,
			);
			defaultConfigurationIsVisible = 0;
			defaultConfigurationName = Release;
		};
/* End XCConfigurationList section */

/* Begin XCVersionGroup section */
		A76EB9242A6EFA8B00F8E854 /* Cabide.xcdatamodeld */ = {
			isa = XCVersionGroup;
			children = (
				A76EB9252A6EFA8B00F8E854 /* Cabide.xcdatamodel */,
			);
			currentVersion = A76EB9252A6EFA8B00F8E854 /* Cabide.xcdatamodel */;
			path = Cabide.xcdatamodeld;
			sourceTree = "<group>";
			versionGroupType = wrapper.xcdatamodel;
		};
/* End XCVersionGroup section */
	};
	rootObject = A76EB9102A6EFA8B00F8E854 /* Project object */;
}
