// !$*UTF8*$!
{
	archiveVersion = 1;
	classes = {
	};
	objectVersion = 56;
	objects = {

/* Begin PBXBuildFile section */
		A7A36CD52A66E75E00BF0CBA /* AppDelegate.swift in Sources */ = {isa = PBXBuildFile; fileRef = A7A36CD42A66E75E00BF0CBA /* AppDelegate.swift */; };
		A7A36CD72A66E75E00BF0CBA /* SceneDelegate.swift in Sources */ = {isa = PBXBuildFile; fileRef = A7A36CD62A66E75E00BF0CBA /* SceneDelegate.swift */; };
		A7A36CD92A66E75E00BF0CBA /* ViewController.swift in Sources */ = {isa = PBXBuildFile; fileRef = A7A36CD82A66E75E00BF0CBA /* ViewController.swift */; };
		A7A36CDC2A66E75E00BF0CBA /* Main.storyboard in Resources */ = {isa = PBXBuildFile; fileRef = A7A36CDA2A66E75E00BF0CBA /* Main.storyboard */; };
		A7A36CDF2A66E75E00BF0CBA /* Canva.xcdatamodeld in Sources */ = {isa = PBXBuildFile; fileRef = A7A36CDD2A66E75E00BF0CBA /* Canva.xcdatamodeld */; };
		A7A36CE12A66E75F00BF0CBA /* Assets.xcassets in Resources */ = {isa = PBXBuildFile; fileRef = A7A36CE02A66E75F00BF0CBA /* Assets.xcassets */; };
		A7A36CE42A66E75F00BF0CBA /* LaunchScreen.storyboard in Resources */ = {isa = PBXBuildFile; fileRef = A7A36CE22A66E75F00BF0CBA /* LaunchScreen.storyboard */; };
/* End PBXBuildFile section */

/* Begin PBXFileReference section */
		A7A36CD12A66E75E00BF0CBA /* Canva.app */ = {isa = PBXFileReference; explicitFileType = wrapper.application; includeInIndex = 0; path = Canva.app; sourceTree = BUILT_PRODUCTS_DIR; };
		A7A36CD42A66E75E00BF0CBA /* AppDelegate.swift */ = {isa = PBXFileReference; lastKnownFileType = sourcecode.swift; path = AppDelegate.swift; sourceTree = "<group>"; };
		A7A36CD62A66E75E00BF0CBA /* SceneDelegate.swift */ = {isa = PBXFileReference; lastKnownFileType = sourcecode.swift; path = SceneDelegate.swift; sourceTree = "<group>"; };
		A7A36CD82A66E75E00BF0CBA /* ViewController.swift */ = {isa = PBXFileReference; lastKnownFileType = sourcecode.swift; path = ViewController.swift; sourceTree = "<group>"; };
		A7A36CDB2A66E75E00BF0CBA /* Base */ = {isa = PBXFileReference; lastKnownFileType = file.storyboard; name = Base; path = Base.lproj/Main.storyboard; sourceTree = "<group>"; };
		A7A36CDE2A66E75E00BF0CBA /* Canva.xcdatamodel */ = {isa = PBXFileReference; lastKnownFileType = wrapper.xcdatamodel; path = Canva.xcdatamodel; sourceTree = "<group>"; };
		A7A36CE02A66E75F00BF0CBA /* Assets.xcassets */ = {isa = PBXFileReference; lastKnownFileType = folder.assetcatalog; path = Assets.xcassets; sourceTree = "<group>"; };
		A7A36CE32A66E75F00BF0CBA /* Base */ = {isa = PBXFileReference; lastKnownFileType = file.storyboard; name = Base; path = Base.lproj/LaunchScreen.storyboard; sourceTree = "<group>"; };
		A7A36CE52A66E75F00BF0CBA /* Info.plist */ = {isa = PBXFileReference; lastKnownFileType = text.plist.xml; path = Info.plist; sourceTree = "<group>"; };
/* End PBXFileReference section */

/* Begin PBXFrameworksBuildPhase section */
		A7A36CCE2A66E75E00BF0CBA /* Frameworks */ = {
			isa = PBXFrameworksBuildPhase;
			buildActionMask = 2147483647;
			files = (
			);
			runOnlyForDeploymentPostprocessing = 0;
		};
/* End PBXFrameworksBuildPhase section */

/* Begin PBXGroup section */
		A7A36CC82A66E75E00BF0CBA = {
			isa = PBXGroup;
			children = (
				A7A36CD32A66E75E00BF0CBA /* Canva */,
				A7A36CD22A66E75E00BF0CBA /* Products */,
			);
			sourceTree = "<group>";
		};
		A7A36CD22A66E75E00BF0CBA /* Products */ = {
			isa = PBXGroup;
			children = (
				A7A36CD12A66E75E00BF0CBA /* Canva.app */,
			);
			name = Products;
			sourceTree = "<group>";
		};
		A7A36CD32A66E75E00BF0CBA /* Canva */ = {
			isa = PBXGroup;
			children = (
				A7A36CD42A66E75E00BF0CBA /* AppDelegate.swift */,
				A7A36CD62A66E75E00BF0CBA /* SceneDelegate.swift */,
				A7A36CD82A66E75E00BF0CBA /* ViewController.swift */,
				A7A36CDA2A66E75E00BF0CBA /* Main.storyboard */,
				A7A36CE02A66E75F00BF0CBA /* Assets.xcassets */,
				A7A36CE22A66E75F00BF0CBA /* LaunchScreen.storyboard */,
				A7A36CE52A66E75F00BF0CBA /* Info.plist */,
				A7A36CDD2A66E75E00BF0CBA /* Canva.xcdatamodeld */,
			);
			path = Canva;
			sourceTree = "<group>";
		};
/* End PBXGroup section */

/* Begin PBXNativeTarget section */
		A7A36CD02A66E75E00BF0CBA /* Canva */ = {
			isa = PBXNativeTarget;
			buildConfigurationList = A7A36CE82A66E75F00BF0CBA /* Build configuration list for PBXNativeTarget "Canva" */;
			buildPhases = (
				A7A36CCD2A66E75E00BF0CBA /* Sources */,
				A7A36CCE2A66E75E00BF0CBA /* Frameworks */,
				A7A36CCF2A66E75E00BF0CBA /* Resources */,
			);
			buildRules = (
			);
			dependencies = (
			);
			name = Canva;
			productName = Canva;
			productReference = A7A36CD12A66E75E00BF0CBA /* Canva.app */;
			productType = "com.apple.product-type.application";
		};
/* End PBXNativeTarget section */

/* Begin PBXProject section */
		A7A36CC92A66E75E00BF0CBA /* Project object */ = {
			isa = PBXProject;
			attributes = {
				BuildIndependentTargetsInParallel = 1;
				LastSwiftUpdateCheck = 1430;
				LastUpgradeCheck = 1430;
				TargetAttributes = {
					A7A36CD02A66E75E00BF0CBA = {
						CreatedOnToolsVersion = 14.3.1;
					};
				};
			};
			buildConfigurationList = A7A36CCC2A66E75E00BF0CBA /* Build configuration list for PBXProject "Canva" */;
			compatibilityVersion = "Xcode 14.0";
			developmentRegion = en;
			hasScannedForEncodings = 0;
			knownRegions = (
				en,
				Base,
			);
			mainGroup = A7A36CC82A66E75E00BF0CBA;
			productRefGroup = A7A36CD22A66E75E00BF0CBA /* Products */;
			projectDirPath = "";
			projectRoot = "";
			targets = (
				A7A36CD02A66E75E00BF0CBA /* Canva */,
			);
		};
/* End PBXProject section */

/* Begin PBXResourcesBuildPhase section */
		A7A36CCF2A66E75E00BF0CBA /* Resources */ = {
			isa = PBXResourcesBuildPhase;
			buildActionMask = 2147483647;
			files = (
				A7A36CE42A66E75F00BF0CBA /* LaunchScreen.storyboard in Resources */,
				A7A36CE12A66E75F00BF0CBA /* Assets.xcassets in Resources */,
				A7A36CDC2A66E75E00BF0CBA /* Main.storyboard in Resources */,
			);
			runOnlyForDeploymentPostprocessing = 0;
		};
/* End PBXResourcesBuildPhase section */

/* Begin PBXSourcesBuildPhase section */
		A7A36CCD2A66E75E00BF0CBA /* Sources */ = {
			isa = PBXSourcesBuildPhase;
			buildActionMask = 2147483647;
			files = (
				A7A36CD92A66E75E00BF0CBA /* ViewController.swift in Sources */,
				A7A36CD52A66E75E00BF0CBA /* AppDelegate.swift in Sources */,
				A7A36CD72A66E75E00BF0CBA /* SceneDelegate.swift in Sources */,
				A7A36CDF2A66E75E00BF0CBA /* Canva.xcdatamodeld in Sources */,
			);
			runOnlyForDeploymentPostprocessing = 0;
		};
/* End PBXSourcesBuildPhase section */

/* Begin PBXVariantGroup section */
		A7A36CDA2A66E75E00BF0CBA /* Main.storyboard */ = {
			isa = PBXVariantGroup;
			children = (
				A7A36CDB2A66E75E00BF0CBA /* Base */,
			);
			name = Main.storyboard;
			sourceTree = "<group>";
		};
		A7A36CE22A66E75F00BF0CBA /* LaunchScreen.storyboard */ = {
			isa = PBXVariantGroup;
			children = (
				A7A36CE32A66E75F00BF0CBA /* Base */,
			);
			name = LaunchScreen.storyboard;
			sourceTree = "<group>";
		};
/* End PBXVariantGroup section */

/* Begin XCBuildConfiguration section */
		A7A36CE62A66E75F00BF0CBA /* Debug */ = {
			isa = XCBuildConfiguration;
			buildSettings = {
				ALWAYS_SEARCH_USER_PATHS = NO;
				CLANG_ANALYZER_NONNULL = YES;
				CLANG_ANALYZER_NUMBER_OBJECT_CONVERSION = YES_AGGRESSIVE;
				CLANG_CXX_LANGUAGE_STANDARD = "gnu++20";
				CLANG_ENABLE_MODULES = YES;
				CLANG_ENABLE_OBJC_ARC = YES;
				CLANG_ENABLE_OBJC_WEAK = YES;
				CLANG_WARN_BLOCK_CAPTURE_AUTORELEASING = YES;
				CLANG_WARN_BOOL_CONVERSION = YES;
				CLANG_WARN_COMMA = YES;
				CLANG_WARN_CONSTANT_CONVERSION = YES;
				CLANG_WARN_DEPRECATED_OBJC_IMPLEMENTATIONS = YES;
				CLANG_WARN_DIRECT_OBJC_ISA_USAGE = YES_ERROR;
				CLANG_WARN_DOCUMENTATION_COMMENTS = YES;
				CLANG_WARN_EMPTY_BODY = YES;
				CLANG_WARN_ENUM_CONVERSION = YES;
				CLANG_WARN_INFINITE_RECURSION = YES;
				CLANG_WARN_INT_CONVERSION = YES;
				CLANG_WARN_NON_LITERAL_NULL_CONVERSION = YES;
				CLANG_WARN_OBJC_IMPLICIT_RETAIN_SELF = YES;
				CLANG_WARN_OBJC_LITERAL_CONVERSION = YES;
				CLANG_WARN_OBJC_ROOT_CLASS = YES_ERROR;
				CLANG_WARN_QUOTED_INCLUDE_IN_FRAMEWORK_HEADER = YES;
				CLANG_WARN_RANGE_LOOP_ANALYSIS = YES;
				CLANG_WARN_STRICT_PROTOTYPES = YES;
				CLANG_WARN_SUSPICIOUS_MOVE = YES;
				CLANG_WARN_UNGUARDED_AVAILABILITY = YES_AGGRESSIVE;
				CLANG_WARN_UNREACHABLE_CODE = YES;
				CLANG_WARN__DUPLICATE_METHOD_MATCH = YES;
				COPY_PHASE_STRIP = NO;
				DEBUG_INFORMATION_FORMAT = dwarf;
				ENABLE_STRICT_OBJC_MSGSEND = YES;
				ENABLE_TESTABILITY = YES;
				GCC_C_LANGUAGE_STANDARD = gnu11;
				GCC_DYNAMIC_NO_PIC = NO;
				GCC_NO_COMMON_BLOCKS = YES;
				GCC_OPTIMIZATION_LEVEL = 0;
				GCC_PREPROCESSOR_DEFINITIONS = (
					"DEBUG=1",
					"$(inherited)",
				);
				GCC_WARN_64_TO_32_BIT_CONVERSION = YES;
				GCC_WARN_ABOUT_RETURN_TYPE = YES_ERROR;
				GCC_WARN_UNDECLARED_SELECTOR = YES;
				GCC_WARN_UNINITIALIZED_AUTOS = YES_AGGRESSIVE;
				GCC_WARN_UNUSED_FUNCTION = YES;
				GCC_WARN_UNUSED_VARIABLE = YES;
				IPHONEOS_DEPLOYMENT_TARGET = 16.4;
				MTL_ENABLE_DEBUG_INFO = INCLUDE_SOURCE;
				MTL_FAST_MATH = YES;
				ONLY_ACTIVE_ARCH = YES;
				SDKROOT = iphoneos;
				SWIFT_ACTIVE_COMPILATION_CONDITIONS = DEBUG;
				SWIFT_OPTIMIZATION_LEVEL = "-Onone";
			};
			name = Debug;
		};
		A7A36CE72A66E75F00BF0CBA /* Release */ = {
			isa = XCBuildConfiguration;
			buildSettings = {
				ALWAYS_SEARCH_USER_PATHS = NO;
				CLANG_ANALYZER_NONNULL = YES;
				CLANG_ANALYZER_NUMBER_OBJECT_CONVERSION = YES_AGGRESSIVE;
				CLANG_CXX_LANGUAGE_STANDARD = "gnu++20";
				CLANG_ENABLE_MODULES = YES;
				CLANG_ENABLE_OBJC_ARC = YES;
				CLANG_ENABLE_OBJC_WEAK = YES;
				CLANG_WARN_BLOCK_CAPTURE_AUTORELEASING = YES;
				CLANG_WARN_BOOL_CONVERSION = YES;
				CLANG_WARN_COMMA = YES;
				CLANG_WARN_CONSTANT_CONVERSION = YES;
				CLANG_WARN_DEPRECATED_OBJC_IMPLEMENTATIONS = YES;
				CLANG_WARN_DIRECT_OBJC_ISA_USAGE = YES_ERROR;
				CLANG_WARN_DOCUMENTATION_COMMENTS = YES;
				CLANG_WARN_EMPTY_BODY = YES;
				CLANG_WARN_ENUM_CONVERSION = YES;
				CLANG_WARN_INFINITE_RECURSION = YES;
				CLANG_WARN_INT_CONVERSION = YES;
				CLANG_WARN_NON_LITERAL_NULL_CONVERSION = YES;
				CLANG_WARN_OBJC_IMPLICIT_RETAIN_SELF = YES;
				CLANG_WARN_OBJC_LITERAL_CONVERSION = YES;
				CLANG_WARN_OBJC_ROOT_CLASS = YES_ERROR;
				CLANG_WARN_QUOTED_INCLUDE_IN_FRAMEWORK_HEADER = YES;
				CLANG_WARN_RANGE_LOOP_ANALYSIS = YES;
				CLANG_WARN_STRICT_PROTOTYPES = YES;
				CLANG_WARN_SUSPICIOUS_MOVE = YES;
				CLANG_WARN_UNGUARDED_AVAILABILITY = YES_AGGRESSIVE;
				CLANG_WARN_UNREACHABLE_CODE = YES;
				CLANG_WARN__DUPLICATE_METHOD_MATCH = YES;
				COPY_PHASE_STRIP = NO;
				DEBUG_INFORMATION_FORMAT = "dwarf-with-dsym";
				ENABLE_NS_ASSERTIONS = NO;
				ENABLE_STRICT_OBJC_MSGSEND = YES;
				GCC_C_LANGUAGE_STANDARD = gnu11;
				GCC_NO_COMMON_BLOCKS = YES;
				GCC_WARN_64_TO_32_BIT_CONVERSION = YES;
				GCC_WARN_ABOUT_RETURN_TYPE = YES_ERROR;
				GCC_WARN_UNDECLARED_SELECTOR = YES;
				GCC_WARN_UNINITIALIZED_AUTOS = YES_AGGRESSIVE;
				GCC_WARN_UNUSED_FUNCTION = YES;
				GCC_WARN_UNUSED_VARIABLE = YES;
				IPHONEOS_DEPLOYMENT_TARGET = 16.4;
				MTL_ENABLE_DEBUG_INFO = NO;
				MTL_FAST_MATH = YES;
				SDKROOT = iphoneos;
				SWIFT_COMPILATION_MODE = wholemodule;
				SWIFT_OPTIMIZATION_LEVEL = "-O";
				VALIDATE_PRODUCT = YES;
			};
			name = Release;
		};
		A7A36CE92A66E75F00BF0CBA /* Debug */ = {
			isa = XCBuildConfiguration;
			buildSettings = {
				ASSETCATALOG_COMPILER_APPICON_NAME = AppIcon;
				ASSETCATALOG_COMPILER_GLOBAL_ACCENT_COLOR_NAME = AccentColor;
				CODE_SIGN_STYLE = Automatic;
				CURRENT_PROJECT_VERSION = 1;
				DEVELOPMENT_TEAM = 73DNAYF2TM;
				GENERATE_INFOPLIST_FILE = YES;
				INFOPLIST_FILE = Canva/Info.plist;
				INFOPLIST_KEY_UIApplicationSupportsIndirectInputEvents = YES;
				INFOPLIST_KEY_UILaunchStoryboardName = LaunchScreen;
				INFOPLIST_KEY_UIMainStoryboardFile = Main;
				INFOPLIST_KEY_UISupportedInterfaceOrientations_iPad = "UIInterfaceOrientationPortrait UIInterfaceOrientationPortraitUpsideDown UIInterfaceOrientationLandscapeLeft UIInterfaceOrientationLandscapeRight";
				INFOPLIST_KEY_UISupportedInterfaceOrientations_iPhone = "UIInterfaceOrientationPortrait UIInterfaceOrientationLandscapeLeft UIInterfaceOrientationLandscapeRight";
				LD_RUNPATH_SEARCH_PATHS = (
					"$(inherited)",
					"@executable_path/Frameworks",
				);
				MARKETING_VERSION = 1.0;
				PRODUCT_BUNDLE_IDENTIFIER = com.dev.demo.Canva;
				PRODUCT_NAME = "$(TARGET_NAME)";
				SWIFT_EMIT_LOC_STRINGS = YES;
				SWIFT_VERSION = 5.0;
				TARGETED_DEVICE_FAMILY = "1,2";
			};
			name = Debug;
		};
		A7A36CEA2A66E75F00BF0CBA /* Release */ = {
			isa = XCBuildConfiguration;
			buildSettings = {
				ASSETCATALOG_COMPILER_APPICON_NAME = AppIcon;
				ASSETCATALOG_COMPILER_GLOBAL_ACCENT_COLOR_NAME = AccentColor;
				CODE_SIGN_STYLE = Automatic;
				CURRENT_PROJECT_VERSION = 1;
				DEVELOPMENT_TEAM = 73DNAYF2TM;
				GENERATE_INFOPLIST_FILE = YES;
				INFOPLIST_FILE = Canva/Info.plist;
				INFOPLIST_KEY_UIApplicationSupportsIndirectInputEvents = YES;
				INFOPLIST_KEY_UILaunchStoryboardName = LaunchScreen;
				INFOPLIST_KEY_UIMainStoryboardFile = Main;
				INFOPLIST_KEY_UISupportedInterfaceOrientations_iPad = "UIInterfaceOrientationPortrait UIInterfaceOrientationPortraitUpsideDown UIInterfaceOrientationLandscapeLeft UIInterfaceOrientationLandscapeRight";
				INFOPLIST_KEY_UISupportedInterfaceOrientations_iPhone = "UIInterfaceOrientationPortrait UIInterfaceOrientationLandscapeLeft UIInterfaceOrientationLandscapeRight";
				LD_RUNPATH_SEARCH_PATHS = (
					"$(inherited)",
					"@executable_path/Frameworks",
				);
				MARKETING_VERSION = 1.0;
				PRODUCT_BUNDLE_IDENTIFIER = com.dev.demo.Canva;
				PRODUCT_NAME = "$(TARGET_NAME)";
				SWIFT_EMIT_LOC_STRINGS = YES;
				SWIFT_VERSION = 5.0;
				TARGETED_DEVICE_FAMILY = "1,2";
			};
			name = Release;
		};
/* End XCBuildConfiguration section */

/* Begin XCConfigurationList section */
		A7A36CCC2A66E75E00BF0CBA /* Build configuration list for PBXProject "Canva" */ = {
			isa = XCConfigurationList;
			buildConfigurations = (
				A7A36CE62A66E75F00BF0CBA /* Debug */,
				A7A36CE72A66E75F00BF0CBA /* Release */,
			);
			defaultConfigurationIsVisible = 0;
			defaultConfigurationName = Release;
		};
		A7A36CE82A66E75F00BF0CBA /* Build configuration list for PBXNativeTarget "Canva" */ = {
			isa = XCConfigurationList;
			buildConfigurations = (
				A7A36CE92A66E75F00BF0CBA /* Debug */,
				A7A36CEA2A66E75F00BF0CBA /* Release */,
			);
			defaultConfigurationIsVisible = 0;
			defaultConfigurationName = Release;
		};
/* End XCConfigurationList section */

/* Begin XCVersionGroup section */
		A7A36CDD2A66E75E00BF0CBA /* Canva.xcdatamodeld */ = {
			isa = XCVersionGroup;
			children = (
				A7A36CDE2A66E75E00BF0CBA /* Canva.xcdatamodel */,
			);
			currentVersion = A7A36CDE2A66E75E00BF0CBA /* Canva.xcdatamodel */;
			path = Canva.xcdatamodeld;
			sourceTree = "<group>";
			versionGroupType = wrapper.xcdatamodel;
		};
/* End XCVersionGroup section */
	};
	rootObject = A7A36CC92A66E75E00BF0CBA /* Project object */;
}
