// !$*UTF8*$!
{
	archiveVersion = 1;
	classes = {
	};
	objectVersion = 56;
	objects = {

/* Begin PBXBuildFile section */
		0BCA00382A687D9000C86DAD /* AppDelegate.swift in Sources */ = {isa = PBXBuildFile; fileRef = 0BCA00372A687D9000C86DAD /* AppDelegate.swift */; };
		0BCA003A2A687D9000C86DAD /* SceneDelegate.swift in Sources */ = {isa = PBXBuildFile; fileRef = 0BCA00392A687D9000C86DAD /* SceneDelegate.swift */; };
		0BCA003C2A687D9000C86DAD /* ViewController.swift in Sources */ = {isa = PBXBuildFile; fileRef = 0BCA003B2A687D9000C86DAD /* ViewController.swift */; };
		0BCA003F2A687D9000C86DAD /* Main.storyboard in Resources */ = {isa = PBXBuildFile; fileRef = 0BCA003D2A687D9000C86DAD /* Main.storyboard */; };
		0BCA00412A687D9100C86DAD /* Assets.xcassets in Resources */ = {isa = PBXBuildFile; fileRef = 0BCA00402A687D9100C86DAD /* Assets.xcassets */; };
		0BCA00442A687D9100C86DAD /* LaunchScreen.storyboard in Resources */ = {isa = PBXBuildFile; fileRef = 0BCA00422A687D9100C86DAD /* LaunchScreen.storyboard */; };
		0BCA004C2A687DD100C86DAD /* DeepLabV3.mlmodel in Sources */ = {isa = PBXBuildFile; fileRef = 0BCA004B2A687DD100C86DAD /* DeepLabV3.mlmodel */; };
		0BCA004E2A687EBA00C86DAD /* RemoveBackground.swift in Sources */ = {isa = PBXBuildFile; fileRef = 0BCA004D2A687EBA00C86DAD /* RemoveBackground.swift */; };
		0BCA00582A687EF300C86DAD /* CVPixelBuffer+Create.swift in Sources */ = {isa = PBXBuildFile; fileRef = 0BCA00502A687EF300C86DAD /* CVPixelBuffer+Create.swift */; };
		0BCA00592A687EF300C86DAD /* UIImage+CVPixelBuffer.swift in Sources */ = {isa = PBXBuildFile; fileRef = 0BCA00512A687EF300C86DAD /* UIImage+CVPixelBuffer.swift */; };
		0BCA005A2A687EF300C86DAD /* CGImage+CVPixelBuffer.swift in Sources */ = {isa = PBXBuildFile; fileRef = 0BCA00522A687EF300C86DAD /* CGImage+CVPixelBuffer.swift */; };
		0BCA005B2A687EF300C86DAD /* CGImage+RawBytes.swift in Sources */ = {isa = PBXBuildFile; fileRef = 0BCA00532A687EF300C86DAD /* CGImage+RawBytes.swift */; };
		0BCA005C2A687EF300C86DAD /* UIImage+Extensions.swift in Sources */ = {isa = PBXBuildFile; fileRef = 0BCA00542A687EF300C86DAD /* UIImage+Extensions.swift */; };
		0BCA005D2A687EF300C86DAD /* MLMultiArray+Image.swift in Sources */ = {isa = PBXBuildFile; fileRef = 0BCA00552A687EF300C86DAD /* MLMultiArray+Image.swift */; };
		0BCA005E2A687EF300C86DAD /* Math.swift in Sources */ = {isa = PBXBuildFile; fileRef = 0BCA00562A687EF300C86DAD /* Math.swift */; };
/* End PBXBuildFile section */

/* Begin PBXFileReference section */
		0BCA00342A687D9000C86DAD /* CoreMLDemo.app */ = {isa = PBXFileReference; explicitFileType = wrapper.application; includeInIndex = 0; path = CoreMLDemo.app; sourceTree = BUILT_PRODUCTS_DIR; };
		0BCA00372A687D9000C86DAD /* AppDelegate.swift */ = {isa = PBXFileReference; lastKnownFileType = sourcecode.swift; path = AppDelegate.swift; sourceTree = "<group>"; };
		0BCA00392A687D9000C86DAD /* SceneDelegate.swift */ = {isa = PBXFileReference; lastKnownFileType = sourcecode.swift; path = SceneDelegate.swift; sourceTree = "<group>"; };
		0BCA003B2A687D9000C86DAD /* ViewController.swift */ = {isa = PBXFileReference; lastKnownFileType = sourcecode.swift; path = ViewController.swift; sourceTree = "<group>"; };
		0BCA003E2A687D9000C86DAD /* Base */ = {isa = PBXFileReference; lastKnownFileType = file.storyboard; name = Base; path = Base.lproj/Main.storyboard; sourceTree = "<group>"; };
		0BCA00402A687D9100C86DAD /* Assets.xcassets */ = {isa = PBXFileReference; lastKnownFileType = folder.assetcatalog; path = Assets.xcassets; sourceTree = "<group>"; };
		0BCA00432A687D9100C86DAD /* Base */ = {isa = PBXFileReference; lastKnownFileType = file.storyboard; name = Base; path = Base.lproj/LaunchScreen.storyboard; sourceTree = "<group>"; };
		0BCA00452A687D9100C86DAD /* Info.plist */ = {isa = PBXFileReference; lastKnownFileType = text.plist.xml; path = Info.plist; sourceTree = "<group>"; };
		0BCA004B2A687DD100C86DAD /* DeepLabV3.mlmodel */ = {isa = PBXFileReference; lastKnownFileType = file.mlmodel; path = DeepLabV3.mlmodel; sourceTree = "<group>"; };
		0BCA004D2A687EBA00C86DAD /* RemoveBackground.swift */ = {isa = PBXFileReference; lastKnownFileType = sourcecode.swift; path = RemoveBackground.swift; sourceTree = "<group>"; };
		0BCA00502A687EF300C86DAD /* CVPixelBuffer+Create.swift */ = {isa = PBXFileReference; fileEncoding = 4; lastKnownFileType = sourcecode.swift; path = "CVPixelBuffer+Create.swift"; sourceTree = "<group>"; };
		0BCA00512A687EF300C86DAD /* UIImage+CVPixelBuffer.swift */ = {isa = PBXFileReference; fileEncoding = 4; lastKnownFileType = sourcecode.swift; path = "UIImage+CVPixelBuffer.swift"; sourceTree = "<group>"; };
		0BCA00522A687EF300C86DAD /* CGImage+CVPixelBuffer.swift */ = {isa = PBXFileReference; fileEncoding = 4; lastKnownFileType = sourcecode.swift; path = "CGImage+CVPixelBuffer.swift"; sourceTree = "<group>"; };
		0BCA00532A687EF300C86DAD /* CGImage+RawBytes.swift */ = {isa = PBXFileReference; fileEncoding = 4; lastKnownFileType = sourcecode.swift; path = "CGImage+RawBytes.swift"; sourceTree = "<group>"; };
		0BCA00542A687EF300C86DAD /* UIImage+Extensions.swift */ = {isa = PBXFileReference; fileEncoding = 4; lastKnownFileType = sourcecode.swift; path = "UIImage+Extensions.swift"; sourceTree = "<group>"; };
		0BCA00552A687EF300C86DAD /* MLMultiArray+Image.swift */ = {isa = PBXFileReference; fileEncoding = 4; lastKnownFileType = sourcecode.swift; path = "MLMultiArray+Image.swift"; sourceTree = "<group>"; };
		0BCA00562A687EF300C86DAD /* Math.swift */ = {isa = PBXFileReference; fileEncoding = 4; lastKnownFileType = sourcecode.swift; path = Math.swift; sourceTree = "<group>"; };
/* End PBXFileReference section */

/* Begin PBXFrameworksBuildPhase section */
		0BCA00312A687D9000C86DAD /* Frameworks */ = {
			isa = PBXFrameworksBuildPhase;
			buildActionMask = 2147483647;
			files = (
			);
			runOnlyForDeploymentPostprocessing = 0;
		};
/* End PBXFrameworksBuildPhase section */

/* Begin PBXGroup section */
		0BCA002B2A687D9000C86DAD = {
			isa = PBXGroup;
			children = (
				0BCA00362A687D9000C86DAD /* CoreMLDemo */,
				0BCA00352A687D9000C86DAD /* Products */,
			);
			sourceTree = "<group>";
		};
		0BCA00352A687D9000C86DAD /* Products */ = {
			isa = PBXGroup;
			children = (
				0BCA00342A687D9000C86DAD /* CoreMLDemo.app */,
			);
			name = Products;
			sourceTree = "<group>";
		};
		0BCA00362A687D9000C86DAD /* CoreMLDemo */ = {
			isa = PBXGroup;
			children = (
				0BCA004F2A687ECA00C86DAD /* CoreMLHelpers */,
				0BCA00372A687D9000C86DAD /* AppDelegate.swift */,
				0BCA00392A687D9000C86DAD /* SceneDelegate.swift */,
				0BCA003B2A687D9000C86DAD /* ViewController.swift */,
				0BCA003D2A687D9000C86DAD /* Main.storyboard */,
				0BCA00402A687D9100C86DAD /* Assets.xcassets */,
				0BCA00422A687D9100C86DAD /* LaunchScreen.storyboard */,
				0BCA00452A687D9100C86DAD /* Info.plist */,
				0BCA004B2A687DD100C86DAD /* DeepLabV3.mlmodel */,
				0BCA004D2A687EBA00C86DAD /* RemoveBackground.swift */,
			);
			path = CoreMLDemo;
			sourceTree = "<group>";
		};
		0BCA004F2A687ECA00C86DAD /* CoreMLHelpers */ = {
			isa = PBXGroup;
			children = (
				0BCA00522A687EF300C86DAD /* CGImage+CVPixelBuffer.swift */,
				0BCA00532A687EF300C86DAD /* CGImage+RawBytes.swift */,
				0BCA00502A687EF300C86DAD /* CVPixelBuffer+Create.swift */,
				0BCA00562A687EF300C86DAD /* Math.swift */,
				0BCA00552A687EF300C86DAD /* MLMultiArray+Image.swift */,
				0BCA00512A687EF300C86DAD /* UIImage+CVPixelBuffer.swift */,
				0BCA00542A687EF300C86DAD /* UIImage+Extensions.swift */,
			);
			path = CoreMLHelpers;
			sourceTree = "<group>";
		};
/* End PBXGroup section */

/* Begin PBXNativeTarget section */
		0BCA00332A687D9000C86DAD /* CoreMLDemo */ = {
			isa = PBXNativeTarget;
			buildConfigurationList = 0BCA00482A687D9100C86DAD /* Build configuration list for PBXNativeTarget "CoreMLDemo" */;
			buildPhases = (
				0BCA00302A687D9000C86DAD /* Sources */,
				0BCA00312A687D9000C86DAD /* Frameworks */,
				0BCA00322A687D9000C86DAD /* Resources */,
			);
			buildRules = (
			);
			dependencies = (
			);
			name = CoreMLDemo;
			productName = CoreMLDemo;
			productReference = 0BCA00342A687D9000C86DAD /* CoreMLDemo.app */;
			productType = "com.apple.product-type.application";
		};
/* End PBXNativeTarget section */

/* Begin PBXProject section */
		0BCA002C2A687D9000C86DAD /* Project object */ = {
			isa = PBXProject;
			attributes = {
				BuildIndependentTargetsInParallel = 1;
				LastSwiftUpdateCheck = 1420;
				LastUpgradeCheck = 1420;
				TargetAttributes = {
					0BCA00332A687D9000C86DAD = {
						CreatedOnToolsVersion = 14.2;
					};
				};
			};
			buildConfigurationList = 0BCA002F2A687D9000C86DAD /* Build configuration list for PBXProject "CoreMLDemo" */;
			compatibilityVersion = "Xcode 14.0";
			developmentRegion = en;
			hasScannedForEncodings = 0;
			knownRegions = (
				en,
				Base,
			);
			mainGroup = 0BCA002B2A687D9000C86DAD;
			productRefGroup = 0BCA00352A687D9000C86DAD /* Products */;
			projectDirPath = "";
			projectRoot = "";
			targets = (
				0BCA00332A687D9000C86DAD /* CoreMLDemo */,
			);
		};
/* End PBXProject section */

/* Begin PBXResourcesBuildPhase section */
		0BCA00322A687D9000C86DAD /* Resources */ = {
			isa = PBXResourcesBuildPhase;
			buildActionMask = 2147483647;
			files = (
				0BCA00442A687D9100C86DAD /* LaunchScreen.storyboard in Resources */,
				0BCA00412A687D9100C86DAD /* Assets.xcassets in Resources */,
				0BCA003F2A687D9000C86DAD /* Main.storyboard in Resources */,
			);
			runOnlyForDeploymentPostprocessing = 0;
		};
/* End PBXResourcesBuildPhase section */

/* Begin PBXSourcesBuildPhase section */
		0BCA00302A687D9000C86DAD /* Sources */ = {
			isa = PBXSourcesBuildPhase;
			buildActionMask = 2147483647;
			files = (
				0BCA004E2A687EBA00C86DAD /* RemoveBackground.swift in Sources */,
				0BCA003C2A687D9000C86DAD /* ViewController.swift in Sources */,
				0BCA00382A687D9000C86DAD /* AppDelegate.swift in Sources */,
				0BCA005A2A687EF300C86DAD /* CGImage+CVPixelBuffer.swift in Sources */,
				0BCA00582A687EF300C86DAD /* CVPixelBuffer+Create.swift in Sources */,
				0BCA005B2A687EF300C86DAD /* CGImage+RawBytes.swift in Sources */,
				0BCA00592A687EF300C86DAD /* UIImage+CVPixelBuffer.swift in Sources */,
				0BCA005C2A687EF300C86DAD /* UIImage+Extensions.swift in Sources */,
				0BCA005D2A687EF300C86DAD /* MLMultiArray+Image.swift in Sources */,
				0BCA003A2A687D9000C86DAD /* SceneDelegate.swift in Sources */,
				0BCA004C2A687DD100C86DAD /* DeepLabV3.mlmodel in Sources */,
				0BCA005E2A687EF300C86DAD /* Math.swift in Sources */,
			);
			runOnlyForDeploymentPostprocessing = 0;
		};
/* End PBXSourcesBuildPhase section */

/* Begin PBXVariantGroup section */
		0BCA003D2A687D9000C86DAD /* Main.storyboard */ = {
			isa = PBXVariantGroup;
			children = (
				0BCA003E2A687D9000C86DAD /* Base */,
			);
			name = Main.storyboard;
			sourceTree = "<group>";
		};
		0BCA00422A687D9100C86DAD /* LaunchScreen.storyboard */ = {
			isa = PBXVariantGroup;
			children = (
				0BCA00432A687D9100C86DAD /* Base */,
			);
			name = LaunchScreen.storyboard;
			sourceTree = "<group>";
		};
/* End PBXVariantGroup section */

/* Begin XCBuildConfiguration section */
		0BCA00462A687D9100C86DAD /* Debug */ = {
			isa = XCBuildConfiguration;
			buildSettings = {
				ALWAYS_SEARCH_USER_PATHS = NO;
				CLANG_ANALYZER_NONNULL = YES;
				CLANG_ANALYZER_NUMBER_OBJECT_CONVERSION = YES_AGGRESSIVE;
				CLANG_CXX_LANGUAGE_STANDARD = "gnu++20";
				CLANG_ENABLE_MODULES = YES;
				CLANG_ENABLE_OBJC_ARC = YES;
				CLANG_ENABLE_OBJC_WEAK = YES;
				CLANG_WARN_BLOCK_CAPTURE_AUTORELEASING = YES;
				CLANG_WARN_BOOL_CONVERSION = YES;
				CLANG_WARN_COMMA = YES;
				CLANG_WARN_CONSTANT_CONVERSION = YES;
				CLANG_WARN_DEPRECATED_OBJC_IMPLEMENTATIONS = YES;
				CLANG_WARN_DIRECT_OBJC_ISA_USAGE = YES_ERROR;
				CLANG_WARN_DOCUMENTATION_COMMENTS = YES;
				CLANG_WARN_EMPTY_BODY = YES;
				CLANG_WARN_ENUM_CONVERSION = YES;
				CLANG_WARN_INFINITE_RECURSION = YES;
				CLANG_WARN_INT_CONVERSION = YES;
				CLANG_WARN_NON_LITERAL_NULL_CONVERSION = YES;
				CLANG_WARN_OBJC_IMPLICIT_RETAIN_SELF = YES;
				CLANG_WARN_OBJC_LITERAL_CONVERSION = YES;
				CLANG_WARN_OBJC_ROOT_CLASS = YES_ERROR;
				CLANG_WARN_QUOTED_INCLUDE_IN_FRAMEWORK_HEADER = YES;
				CLANG_WARN_RANGE_LOOP_ANALYSIS = YES;
				CLANG_WARN_STRICT_PROTOTYPES = YES;
				CLANG_WARN_SUSPICIOUS_MOVE = YES;
				CLANG_WARN_UNGUARDED_AVAILABILITY = YES_AGGRESSIVE;
				CLANG_WARN_UNREACHABLE_CODE = YES;
				CLANG_WARN__DUPLICATE_METHOD_MATCH = YES;
				COPY_PHASE_STRIP = NO;
				DEBUG_INFORMATION_FORMAT = dwarf;
				ENABLE_STRICT_OBJC_MSGSEND = YES;
				ENABLE_TESTABILITY = YES;
				GCC_C_LANGUAGE_STANDARD = gnu11;
				GCC_DYNAMIC_NO_PIC = NO;
				GCC_NO_COMMON_BLOCKS = YES;
				GCC_OPTIMIZATION_LEVEL = 0;
				GCC_PREPROCESSOR_DEFINITIONS = (
					"DEBUG=1",
					"$(inherited)",
				);
				GCC_WARN_64_TO_32_BIT_CONVERSION = YES;
				GCC_WARN_ABOUT_RETURN_TYPE = YES_ERROR;
				GCC_WARN_UNDECLARED_SELECTOR = YES;
				GCC_WARN_UNINITIALIZED_AUTOS = YES_AGGRESSIVE;
				GCC_WARN_UNUSED_FUNCTION = YES;
				GCC_WARN_UNUSED_VARIABLE = YES;
				IPHONEOS_DEPLOYMENT_TARGET = 16.2;
				MTL_ENABLE_DEBUG_INFO = INCLUDE_SOURCE;
				MTL_FAST_MATH = YES;
				ONLY_ACTIVE_ARCH = YES;
				SDKROOT = iphoneos;
				SWIFT_ACTIVE_COMPILATION_CONDITIONS = DEBUG;
				SWIFT_OPTIMIZATION_LEVEL = "-Onone";
			};
			name = Debug;
		};
		0BCA00472A687D9100C86DAD /* Release */ = {
			isa = XCBuildConfiguration;
			buildSettings = {
				ALWAYS_SEARCH_USER_PATHS = NO;
				CLANG_ANALYZER_NONNULL = YES;
				CLANG_ANALYZER_NUMBER_OBJECT_CONVERSION = YES_AGGRESSIVE;
				CLANG_CXX_LANGUAGE_STANDARD = "gnu++20";
				CLANG_ENABLE_MODULES = YES;
				CLANG_ENABLE_OBJC_ARC = YES;
				CLANG_ENABLE_OBJC_WEAK = YES;
				CLANG_WARN_BLOCK_CAPTURE_AUTORELEASING = YES;
				CLANG_WARN_BOOL_CONVERSION = YES;
				CLANG_WARN_COMMA = YES;
				CLANG_WARN_CONSTANT_CONVERSION = YES;
				CLANG_WARN_DEPRECATED_OBJC_IMPLEMENTATIONS = YES;
				CLANG_WARN_DIRECT_OBJC_ISA_USAGE = YES_ERROR;
				CLANG_WARN_DOCUMENTATION_COMMENTS = YES;
				CLANG_WARN_EMPTY_BODY = YES;
				CLANG_WARN_ENUM_CONVERSION = YES;
				CLANG_WARN_INFINITE_RECURSION = YES;
				CLANG_WARN_INT_CONVERSION = YES;
				CLANG_WARN_NON_LITERAL_NULL_CONVERSION = YES;
				CLANG_WARN_OBJC_IMPLICIT_RETAIN_SELF = YES;
				CLANG_WARN_OBJC_LITERAL_CONVERSION = YES;
				CLANG_WARN_OBJC_ROOT_CLASS = YES_ERROR;
				CLANG_WARN_QUOTED_INCLUDE_IN_FRAMEWORK_HEADER = YES;
				CLANG_WARN_RANGE_LOOP_ANALYSIS = YES;
				CLANG_WARN_STRICT_PROTOTYPES = YES;
				CLANG_WARN_SUSPICIOUS_MOVE = YES;
				CLANG_WARN_UNGUARDED_AVAILABILITY = YES_AGGRESSIVE;
				CLANG_WARN_UNREACHABLE_CODE = YES;
				CLANG_WARN__DUPLICATE_METHOD_MATCH = YES;
				COPY_PHASE_STRIP = NO;
				DEBUG_INFORMATION_FORMAT = "dwarf-with-dsym";
				ENABLE_NS_ASSERTIONS = NO;
				ENABLE_STRICT_OBJC_MSGSEND = YES;
				GCC_C_LANGUAGE_STANDARD = gnu11;
				GCC_NO_COMMON_BLOCKS = YES;
				GCC_WARN_64_TO_32_BIT_CONVERSION = YES;
				GCC_WARN_ABOUT_RETURN_TYPE = YES_ERROR;
				GCC_WARN_UNDECLARED_SELECTOR = YES;
				GCC_WARN_UNINITIALIZED_AUTOS = YES_AGGRESSIVE;
				GCC_WARN_UNUSED_FUNCTION = YES;
				GCC_WARN_UNUSED_VARIABLE = YES;
				IPHONEOS_DEPLOYMENT_TARGET = 16.2;
				MTL_ENABLE_DEBUG_INFO = NO;
				MTL_FAST_MATH = YES;
				SDKROOT = iphoneos;
				SWIFT_COMPILATION_MODE = wholemodule;
				SWIFT_OPTIMIZATION_LEVEL = "-O";
				VALIDATE_PRODUCT = YES;
			};
			name = Release;
		};
		0BCA00492A687D9100C86DAD /* Debug */ = {
			isa = XCBuildConfiguration;
			buildSettings = {
				ASSETCATALOG_COMPILER_APPICON_NAME = AppIcon;
				ASSETCATALOG_COMPILER_GLOBAL_ACCENT_COLOR_NAME = AccentColor;
				CODE_SIGN_STYLE = Automatic;
				CURRENT_PROJECT_VERSION = 1;
				DEVELOPMENT_TEAM = 3GNMJZ6Q8Z;
				GENERATE_INFOPLIST_FILE = YES;
				INFOPLIST_FILE = CoreMLDemo/Info.plist;
				INFOPLIST_KEY_UIApplicationSupportsIndirectInputEvents = YES;
				INFOPLIST_KEY_UILaunchStoryboardName = LaunchScreen;
				INFOPLIST_KEY_UIMainStoryboardFile = Main;
				INFOPLIST_KEY_UISupportedInterfaceOrientations_iPad = "UIInterfaceOrientationPortrait UIInterfaceOrientationPortraitUpsideDown UIInterfaceOrientationLandscapeLeft UIInterfaceOrientationLandscapeRight";
				INFOPLIST_KEY_UISupportedInterfaceOrientations_iPhone = "UIInterfaceOrientationPortrait UIInterfaceOrientationLandscapeLeft UIInterfaceOrientationLandscapeRight";
				LD_RUNPATH_SEARCH_PATHS = (
					"$(inherited)",
					"@executable_path/Frameworks",
				);
				MARKETING_VERSION = 1.0;
				PRODUCT_BUNDLE_IDENTIFIER = com.eduardobrum.CoreMLDemo;
				PRODUCT_NAME = "$(TARGET_NAME)";
				SWIFT_EMIT_LOC_STRINGS = YES;
				SWIFT_VERSION = 5.0;
				TARGETED_DEVICE_FAMILY = "1,2";
			};
			name = Debug;
		};
		0BCA004A2A687D9100C86DAD /* Release */ = {
			isa = XCBuildConfiguration;
			buildSettings = {
				ASSETCATALOG_COMPILER_APPICON_NAME = AppIcon;
				ASSETCATALOG_COMPILER_GLOBAL_ACCENT_COLOR_NAME = AccentColor;
				CODE_SIGN_STYLE = Automatic;
				CURRENT_PROJECT_VERSION = 1;
				DEVELOPMENT_TEAM = 3GNMJZ6Q8Z;
				GENERATE_INFOPLIST_FILE = YES;
				INFOPLIST_FILE = CoreMLDemo/Info.plist;
				INFOPLIST_KEY_UIApplicationSupportsIndirectInputEvents = YES;
				INFOPLIST_KEY_UILaunchStoryboardName = LaunchScreen;
				INFOPLIST_KEY_UIMainStoryboardFile = Main;
				INFOPLIST_KEY_UISupportedInterfaceOrientations_iPad = "UIInterfaceOrientationPortrait UIInterfaceOrientationPortraitUpsideDown UIInterfaceOrientationLandscapeLeft UIInterfaceOrientationLandscapeRight";
				INFOPLIST_KEY_UISupportedInterfaceOrientations_iPhone = "UIInterfaceOrientationPortrait UIInterfaceOrientationLandscapeLeft UIInterfaceOrientationLandscapeRight";
				LD_RUNPATH_SEARCH_PATHS = (
					"$(inherited)",
					"@executable_path/Frameworks",
				);
				MARKETING_VERSION = 1.0;
				PRODUCT_BUNDLE_IDENTIFIER = com.eduardobrum.CoreMLDemo;
				PRODUCT_NAME = "$(TARGET_NAME)";
				SWIFT_EMIT_LOC_STRINGS = YES;
				SWIFT_VERSION = 5.0;
				TARGETED_DEVICE_FAMILY = "1,2";
			};
			name = Release;
		};
/* End XCBuildConfiguration section */

/* Begin XCConfigurationList section */
		0BCA002F2A687D9000C86DAD /* Build configuration list for PBXProject "CoreMLDemo" */ = {
			isa = XCConfigurationList;
			buildConfigurations = (
				0BCA00462A687D9100C86DAD /* Debug */,
				0BCA00472A687D9100C86DAD /* Release */,
			);
			defaultConfigurationIsVisible = 0;
			defaultConfigurationName = Release;
		};
		0BCA00482A687D9100C86DAD /* Build configuration list for PBXNativeTarget "CoreMLDemo" */ = {
			isa = XCConfigurationList;
			buildConfigurations = (
				0BCA00492A687D9100C86DAD /* Debug */,
				0BCA004A2A687D9100C86DAD /* Release */,
			);
			defaultConfigurationIsVisible = 0;
			defaultConfigurationName = Release;
		};
/* End XCConfigurationList section */
	};
	rootObject = 0BCA002C2A687D9000C86DAD /* Project object */;
}
